// !$*UTF8*$!
{
	archiveVersion = 1;
	classes = {
	};
	objectVersion = 55;
	objects = {

/* Begin PBXBuildFile section */
		585465DD297F394200DC3FFF /* HikeBadge.swift in Sources */ = {isa = PBXBuildFile; fileRef = 585465DC297F394200DC3FFF /* HikeBadge.swift */; };
		585465DF297F3EAB00DC3FFF /* ProfileEditor.swift in Sources */ = {isa = PBXBuildFile; fileRef = 585465DE297F3EAB00DC3FFF /* ProfileEditor.swift */; };
		585465E2297F785000DC3FFF /* PageViewController.swift in Sources */ = {isa = PBXBuildFile; fileRef = 585465E1297F785000DC3FFF /* PageViewController.swift */; };
		585465E4297F7BEA00DC3FFF /* FeatureCard.swift in Sources */ = {isa = PBXBuildFile; fileRef = 585465E3297F7BEA00DC3FFF /* FeatureCard.swift */; };
		585465E6297F7DC200DC3FFF /* PageView.swift in Sources */ = {isa = PBXBuildFile; fileRef = 585465E5297F7DC200DC3FFF /* PageView.swift */; };
		585465E8297F830100DC3FFF /* PageControl.swift in Sources */ = {isa = PBXBuildFile; fileRef = 585465E7297F830100DC3FFF /* PageControl.swift */; };
		589B080E2959FAB50032D57E /* LandmarksApp.swift in Sources */ = {isa = PBXBuildFile; fileRef = 589B080D2959FAB50032D57E /* LandmarksApp.swift */; };
		589B08102959FAB50032D57E /* ContentView.swift in Sources */ = {isa = PBXBuildFile; fileRef = 589B080F2959FAB50032D57E /* ContentView.swift */; };
		589B08122959FAB80032D57E /* Assets.xcassets in Resources */ = {isa = PBXBuildFile; fileRef = 589B08112959FAB80032D57E /* Assets.xcassets */; };
		589B08152959FAB80032D57E /* Preview Assets.xcassets in Resources */ = {isa = PBXBuildFile; fileRef = 589B08142959FAB80032D57E /* Preview Assets.xcassets */; };
		589B081C2959FF160032D57E /* CircleImage.swift in Sources */ = {isa = PBXBuildFile; fileRef = 589B081B2959FF160032D57E /* CircleImage.swift */; };
		589B081E295A00250032D57E /* MapView.swift in Sources */ = {isa = PBXBuildFile; fileRef = 589B081D295A00250032D57E /* MapView.swift */; };
		58A3B690295B52620011B1E2 /* landmarkData.json in Resources */ = {isa = PBXBuildFile; fileRef = 58A3B68F295B52620011B1E2 /* landmarkData.json */; };
		58A3B692295B527D0011B1E2 /* Landmark.swift in Sources */ = {isa = PBXBuildFile; fileRef = 58A3B691295B527D0011B1E2 /* Landmark.swift */; };
		58A3B694295B53EA0011B1E2 /* ModelData.swift in Sources */ = {isa = PBXBuildFile; fileRef = 58A3B693295B53EA0011B1E2 /* ModelData.swift */; };
		58A3B69B295B57520011B1E2 /* LandmarkRow.swift in Sources */ = {isa = PBXBuildFile; fileRef = 58A3B69A295B57520011B1E2 /* LandmarkRow.swift */; };
		58A3B69D295B74080011B1E2 /* LandmarkList.swift in Sources */ = {isa = PBXBuildFile; fileRef = 58A3B69C295B74080011B1E2 /* LandmarkList.swift */; };
		58A3B69F295BCC7E0011B1E2 /* LandmarkDetail.swift in Sources */ = {isa = PBXBuildFile; fileRef = 58A3B69E295BCC7E0011B1E2 /* LandmarkDetail.swift */; };
		58CBFC3E297F139900DCC73B /* hikeData.json in Resources */ = {isa = PBXBuildFile; fileRef = 58CBFC3D297F139900DCC73B /* hikeData.json */; };
		58CBFC40297F13BE00DCC73B /* Hike.swift in Sources */ = {isa = PBXBuildFile; fileRef = 58CBFC3F297F13BE00DCC73B /* Hike.swift */; };
		58CBFC46297F143400DCC73B /* GraphCapsule.swift in Sources */ = {isa = PBXBuildFile; fileRef = 58CBFC42297F143400DCC73B /* GraphCapsule.swift */; };
		58CBFC47297F143400DCC73B /* HikeGraph.swift in Sources */ = {isa = PBXBuildFile; fileRef = 58CBFC43297F143400DCC73B /* HikeGraph.swift */; };
		58CBFC48297F143400DCC73B /* HikeDetail.swift in Sources */ = {isa = PBXBuildFile; fileRef = 58CBFC44297F143400DCC73B /* HikeDetail.swift */; };
		58CBFC49297F143400DCC73B /* HikeView.swift in Sources */ = {isa = PBXBuildFile; fileRef = 58CBFC45297F143400DCC73B /* HikeView.swift */; };
		58CBFC4C297F251600DCC73B /* CategoryHome.swift in Sources */ = {isa = PBXBuildFile; fileRef = 58CBFC4B297F251600DCC73B /* CategoryHome.swift */; };
		58CBFC4E297F2BF600DCC73B /* CategoryRow.swift in Sources */ = {isa = PBXBuildFile; fileRef = 58CBFC4D297F2BF600DCC73B /* CategoryRow.swift */; };
		58CBFC50297F2E3000DCC73B /* CategoryItem.swift in Sources */ = {isa = PBXBuildFile; fileRef = 58CBFC4F297F2E3000DCC73B /* CategoryItem.swift */; };
		58CBFC53297F366000DCC73B /* Profile.swift in Sources */ = {isa = PBXBuildFile; fileRef = 58CBFC52297F366000DCC73B /* Profile.swift */; };
		58CBFC55297F36B900DCC73B /* ProfileHost.swift in Sources */ = {isa = PBXBuildFile; fileRef = 58CBFC54297F36B900DCC73B /* ProfileHost.swift */; };
		58CBFC57297F371900DCC73B /* ProfileSummary.swift in Sources */ = {isa = PBXBuildFile; fileRef = 58CBFC56297F371900DCC73B /* ProfileSummary.swift */; };
		58DA600B297EDC600057DA78 /* HexagonParameters.swift in Sources */ = {isa = PBXBuildFile; fileRef = 58DA600A297EDC600057DA78 /* HexagonParameters.swift */; };
		58DA600D297EDDFC0057DA78 /* BadgeBackground.swift in Sources */ = {isa = PBXBuildFile; fileRef = 58DA600C297EDDFC0057DA78 /* BadgeBackground.swift */; };
		58DA600F297EE81C0057DA78 /* BadgeSymbol.swift in Sources */ = {isa = PBXBuildFile; fileRef = 58DA600E297EE81C0057DA78 /* BadgeSymbol.swift */; };
		58DA6012297EE8A50057DA78 /* RotatedBadgeSymbol.swift in Sources */ = {isa = PBXBuildFile; fileRef = 58DA6011297EE8A50057DA78 /* RotatedBadgeSymbol.swift */; };
		58DA6014297EEA480057DA78 /* Badge.swift in Sources */ = {isa = PBXBuildFile; fileRef = 58DA6013297EEA480057DA78 /* Badge.swift */; };
		58E6C50F298031D1000CBDFC /* Assets.xcassets in Resources */ = {isa = PBXBuildFile; fileRef = 58E6C50E298031D1000CBDFC /* Assets.xcassets */; };
		58E6C515298031D2000CBDFC /* WatchLandmarks WatchKit Extension.appex in Embed App Extensions */ = {isa = PBXBuildFile; fileRef = 58E6C514298031D2000CBDFC /* WatchLandmarks WatchKit Extension.appex */; settings = {ATTRIBUTES = (RemoveHeadersOnCopy, ); }; };
		58E6C51C298031D2000CBDFC /* ContentView.swift in Sources */ = {isa = PBXBuildFile; fileRef = 58E6C51B298031D2000CBDFC /* ContentView.swift */; };
		58E6C51E298031D2000CBDFC /* NotificationController.swift in Sources */ = {isa = PBXBuildFile; fileRef = 58E6C51D298031D2000CBDFC /* NotificationController.swift */; };
		58E6C520298031D2000CBDFC /* NotificationView.swift in Sources */ = {isa = PBXBuildFile; fileRef = 58E6C51F298031D2000CBDFC /* NotificationView.swift */; };
		58E6C522298031D2000CBDFC /* ComplicationController.swift in Sources */ = {isa = PBXBuildFile; fileRef = 58E6C521298031D2000CBDFC /* ComplicationController.swift */; };
		58E6C524298031D3000CBDFC /* Assets.xcassets in Resources */ = {isa = PBXBuildFile; fileRef = 58E6C523298031D3000CBDFC /* Assets.xcassets */; };
		58E6C527298031D3000CBDFC /* Preview Assets.xcassets in Resources */ = {isa = PBXBuildFile; fileRef = 58E6C526298031D3000CBDFC /* Preview Assets.xcassets */; };
		58E6C52C298031D3000CBDFC /* WatchLandmarks.app in Embed Watch Content */ = {isa = PBXBuildFile; fileRef = 58E6C50C298031D0000CBDFC /* WatchLandmarks.app */; settings = {ATTRIBUTES = (RemoveHeadersOnCopy, ); }; };
		58E6C53529803390000CBDFC /* ModelData.swift in Sources */ = {isa = PBXBuildFile; fileRef = 58A3B693295B53EA0011B1E2 /* ModelData.swift */; };
		58E6C53729803390000CBDFC /* Hike.swift in Sources */ = {isa = PBXBuildFile; fileRef = 58CBFC3F297F13BE00DCC73B /* Hike.swift */; };
		58E6C53829803390000CBDFC /* LandmarkRow.swift in Sources */ = {isa = PBXBuildFile; fileRef = 58A3B69A295B57520011B1E2 /* LandmarkRow.swift */; };
		58E6C53929803390000CBDFC /* LandmarksApp.swift in Sources */ = {isa = PBXBuildFile; fileRef = 589B080D2959FAB50032D57E /* LandmarksApp.swift */; };
		58E6C53A29803390000CBDFC /* Assets.xcassets in Resources */ = {isa = PBXBuildFile; fileRef = 589B08112959FAB80032D57E /* Assets.xcassets */; };
		58E6C53B29803390000CBDFC /* Landmark.swift in Sources */ = {isa = PBXBuildFile; fileRef = 58A3B691295B527D0011B1E2 /* Landmark.swift */; };
		58E6C53C29803390000CBDFC /* hikeData.json in Resources */ = {isa = PBXBuildFile; fileRef = 58CBFC3D297F139900DCC73B /* hikeData.json */; };
		58E6C53D29803390000CBDFC /* landmarkData.json in Resources */ = {isa = PBXBuildFile; fileRef = 58A3B68F295B52620011B1E2 /* landmarkData.json */; };
		58E6C53E29803390000CBDFC /* MapView.swift in Sources */ = {isa = PBXBuildFile; fileRef = 589B081D295A00250032D57E /* MapView.swift */; };
		58E6C53F29803390000CBDFC /* Profile.swift in Sources */ = {isa = PBXBuildFile; fileRef = 58CBFC52297F366000DCC73B /* Profile.swift */; };
		58E6C54029803390000CBDFC /* CircleImage.swift in Sources */ = {isa = PBXBuildFile; fileRef = 589B081B2959FF160032D57E /* CircleImage.swift */; };
		58E6C54229803462000CBDFC /* LandmarkDetail.swift in Sources */ = {isa = PBXBuildFile; fileRef = 58E6C54129803462000CBDFC /* LandmarkDetail.swift */; };
		58E6C54C298066B9000CBDFC /* ContentView.swift in Sources */ = {isa = PBXBuildFile; fileRef = 58E6C54B298066B9000CBDFC /* ContentView.swift */; };
		58E6C54E298066BD000CBDFC /* Assets.xcassets in Resources */ = {isa = PBXBuildFile; fileRef = 58E6C54D298066BD000CBDFC /* Assets.xcassets */; };
		58E6C551298066BD000CBDFC /* Preview Assets.xcassets in Resources */ = {isa = PBXBuildFile; fileRef = 58E6C550298066BD000CBDFC /* Preview Assets.xcassets */; };
		58E6C556298067E7000CBDFC /* LandmarksApp.swift in Sources */ = {isa = PBXBuildFile; fileRef = 589B080D2959FAB50032D57E /* LandmarksApp.swift */; };
		58E6C557298067E7000CBDFC /* ModelData.swift in Sources */ = {isa = PBXBuildFile; fileRef = 58A3B693295B53EA0011B1E2 /* ModelData.swift */; };
		58E6C558298067E7000CBDFC /* landmarkData.json in Resources */ = {isa = PBXBuildFile; fileRef = 58A3B68F295B52620011B1E2 /* landmarkData.json */; };
		58E6C559298067E7000CBDFC /* FavoriteButton.swift in Sources */ = {isa = PBXBuildFile; fileRef = 58FFA5FF2965555400AE3262 /* FavoriteButton.swift */; };
		58E6C55A298067E7000CBDFC /* Profile.swift in Sources */ = {isa = PBXBuildFile; fileRef = 58CBFC52297F366000DCC73B /* Profile.swift */; };
		58E6C55B298067E7000CBDFC /* Assets.xcassets in Resources */ = {isa = PBXBuildFile; fileRef = 589B08112959FAB80032D57E /* Assets.xcassets */; };
		58E6C55C298067E7000CBDFC /* LandmarkRow.swift in Sources */ = {isa = PBXBuildFile; fileRef = 58A3B69A295B57520011B1E2 /* LandmarkRow.swift */; };
		58E6C55D298067E7000CBDFC /* CircleImage.swift in Sources */ = {isa = PBXBuildFile; fileRef = 589B081B2959FF160032D57E /* CircleImage.swift */; };
		58E6C55E298067E7000CBDFC /* Hike.swift in Sources */ = {isa = PBXBuildFile; fileRef = 58CBFC3F297F13BE00DCC73B /* Hike.swift */; };
		58E6C55F298067E7000CBDFC /* hikeData.json in Resources */ = {isa = PBXBuildFile; fileRef = 58CBFC3D297F139900DCC73B /* hikeData.json */; };
		58E6C560298067E7000CBDFC /* MapView.swift in Sources */ = {isa = PBXBuildFile; fileRef = 589B081D295A00250032D57E /* MapView.swift */; };
		58E6C561298067E7000CBDFC /* Landmark.swift in Sources */ = {isa = PBXBuildFile; fileRef = 58A3B691295B527D0011B1E2 /* Landmark.swift */; };
		58E6C562298067E7000CBDFC /* LandmarkList.swift in Sources */ = {isa = PBXBuildFile; fileRef = 58A3B69C295B74080011B1E2 /* LandmarkList.swift */; };
		58E6C56429806A55000CBDFC /* LandmarkDetail.swift in Sources */ = {isa = PBXBuildFile; fileRef = 58E6C56329806A55000CBDFC /* LandmarkDetail.swift */; };
		58E6C56629806E12000CBDFC /* LandmarkList.swift in Sources */ = {isa = PBXBuildFile; fileRef = 58E6C56529806E12000CBDFC /* LandmarkList.swift */; };
		58E6C568298072D7000CBDFC /* LandmarkCommands.swift in Sources */ = {isa = PBXBuildFile; fileRef = 58E6C567298072D7000CBDFC /* LandmarkCommands.swift */; };
		58E6C569298072D7000CBDFC /* LandmarkCommands.swift in Sources */ = {isa = PBXBuildFile; fileRef = 58E6C567298072D7000CBDFC /* LandmarkCommands.swift */; };
		58E6C56C2980786A000CBDFC /* LandmarkSettings.swift in Sources */ = {isa = PBXBuildFile; fileRef = 58E6C56A2980786A000CBDFC /* LandmarkSettings.swift */; };
		58FFA6002965555400AE3262 /* FavoriteButton.swift in Sources */ = {isa = PBXBuildFile; fileRef = 58FFA5FF2965555400AE3262 /* FavoriteButton.swift */; };
/* End PBXBuildFile section */

/* Begin PBXContainerItemProxy section */
		58E6C516298031D2000CBDFC /* PBXContainerItemProxy */ = {
			isa = PBXContainerItemProxy;
			containerPortal = 589B08022959FAB50032D57E /* Project object */;
			proxyType = 1;
			remoteGlobalIDString = 58E6C513298031D2000CBDFC;
			remoteInfo = "WatchLandmarks WatchKit Extension";
		};
		58E6C52A298031D3000CBDFC /* PBXContainerItemProxy */ = {
			isa = PBXContainerItemProxy;
			containerPortal = 589B08022959FAB50032D57E /* Project object */;
			proxyType = 1;
			remoteGlobalIDString = 58E6C50B298031D0000CBDFC;
			remoteInfo = WatchLandmarks;
		};
/* End PBXContainerItemProxy section */

/* Begin PBXCopyFilesBuildPhase section */
		58E6C52D298031D3000CBDFC /* Embed Watch Content */ = {
			isa = PBXCopyFilesBuildPhase;
			buildActionMask = 2147483647;
			dstPath = "$(CONTENTS_FOLDER_PATH)/Watch";
			dstSubfolderSpec = 16;
			files = (
				58E6C52C298031D3000CBDFC /* WatchLandmarks.app in Embed Watch Content */,
			);
			name = "Embed Watch Content";
			runOnlyForDeploymentPostprocessing = 0;
		};
		58E6C530298031D3000CBDFC /* Embed App Extensions */ = {
			isa = PBXCopyFilesBuildPhase;
			buildActionMask = 2147483647;
			dstPath = "";
			dstSubfolderSpec = 13;
			files = (
				58E6C515298031D2000CBDFC /* WatchLandmarks WatchKit Extension.appex in Embed App Extensions */,
			);
			name = "Embed App Extensions";
			runOnlyForDeploymentPostprocessing = 0;
		};
/* End PBXCopyFilesBuildPhase section */

/* Begin PBXFileReference section */
		585465DC297F394200DC3FFF /* HikeBadge.swift */ = {isa = PBXFileReference; lastKnownFileType = sourcecode.swift; path = HikeBadge.swift; sourceTree = "<group>"; };
		585465DE297F3EAB00DC3FFF /* ProfileEditor.swift */ = {isa = PBXFileReference; lastKnownFileType = sourcecode.swift; path = ProfileEditor.swift; sourceTree = "<group>"; };
		585465E1297F785000DC3FFF /* PageViewController.swift */ = {isa = PBXFileReference; lastKnownFileType = sourcecode.swift; path = PageViewController.swift; sourceTree = "<group>"; };
		585465E3297F7BEA00DC3FFF /* FeatureCard.swift */ = {isa = PBXFileReference; lastKnownFileType = sourcecode.swift; path = FeatureCard.swift; sourceTree = "<group>"; };
		585465E5297F7DC200DC3FFF /* PageView.swift */ = {isa = PBXFileReference; lastKnownFileType = sourcecode.swift; path = PageView.swift; sourceTree = "<group>"; };
		585465E7297F830100DC3FFF /* PageControl.swift */ = {isa = PBXFileReference; lastKnownFileType = sourcecode.swift; path = PageControl.swift; sourceTree = "<group>"; };
		589B080A2959FAB50032D57E /* Landmarks.app */ = {isa = PBXFileReference; explicitFileType = wrapper.application; includeInIndex = 0; path = Landmarks.app; sourceTree = BUILT_PRODUCTS_DIR; };
		589B080D2959FAB50032D57E /* LandmarksApp.swift */ = {isa = PBXFileReference; lastKnownFileType = sourcecode.swift; path = LandmarksApp.swift; sourceTree = "<group>"; };
		589B080F2959FAB50032D57E /* ContentView.swift */ = {isa = PBXFileReference; lastKnownFileType = sourcecode.swift; path = ContentView.swift; sourceTree = "<group>"; };
		589B08112959FAB80032D57E /* Assets.xcassets */ = {isa = PBXFileReference; lastKnownFileType = folder.assetcatalog; path = Assets.xcassets; sourceTree = "<group>"; };
		589B08142959FAB80032D57E /* Preview Assets.xcassets */ = {isa = PBXFileReference; lastKnownFileType = folder.assetcatalog; path = "Preview Assets.xcassets"; sourceTree = "<group>"; };
		589B081B2959FF160032D57E /* CircleImage.swift */ = {isa = PBXFileReference; lastKnownFileType = sourcecode.swift; path = CircleImage.swift; sourceTree = "<group>"; };
		589B081D295A00250032D57E /* MapView.swift */ = {isa = PBXFileReference; lastKnownFileType = sourcecode.swift; path = MapView.swift; sourceTree = "<group>"; };
		58A3B68F295B52620011B1E2 /* landmarkData.json */ = {isa = PBXFileReference; fileEncoding = 4; lastKnownFileType = text.json; path = landmarkData.json; sourceTree = "<group>"; };
		58A3B691295B527D0011B1E2 /* Landmark.swift */ = {isa = PBXFileReference; lastKnownFileType = sourcecode.swift; path = Landmark.swift; sourceTree = "<group>"; };
		58A3B693295B53EA0011B1E2 /* ModelData.swift */ = {isa = PBXFileReference; lastKnownFileType = sourcecode.swift; path = ModelData.swift; sourceTree = "<group>"; };
		58A3B69A295B57520011B1E2 /* LandmarkRow.swift */ = {isa = PBXFileReference; lastKnownFileType = sourcecode.swift; path = LandmarkRow.swift; sourceTree = "<group>"; };
		58A3B69C295B74080011B1E2 /* LandmarkList.swift */ = {isa = PBXFileReference; lastKnownFileType = sourcecode.swift; path = LandmarkList.swift; sourceTree = "<group>"; };
		58A3B69E295BCC7E0011B1E2 /* LandmarkDetail.swift */ = {isa = PBXFileReference; lastKnownFileType = sourcecode.swift; path = LandmarkDetail.swift; sourceTree = "<group>"; };
		58CBFC3D297F139900DCC73B /* hikeData.json */ = {isa = PBXFileReference; fileEncoding = 4; lastKnownFileType = text.json; path = hikeData.json; sourceTree = "<group>"; };
		58CBFC3F297F13BE00DCC73B /* Hike.swift */ = {isa = PBXFileReference; lastKnownFileType = sourcecode.swift; path = Hike.swift; sourceTree = "<group>"; };
		58CBFC42297F143400DCC73B /* GraphCapsule.swift */ = {isa = PBXFileReference; fileEncoding = 4; lastKnownFileType = sourcecode.swift; path = GraphCapsule.swift; sourceTree = "<group>"; };
		58CBFC43297F143400DCC73B /* HikeGraph.swift */ = {isa = PBXFileReference; fileEncoding = 4; lastKnownFileType = sourcecode.swift; path = HikeGraph.swift; sourceTree = "<group>"; };
		58CBFC44297F143400DCC73B /* HikeDetail.swift */ = {isa = PBXFileReference; fileEncoding = 4; lastKnownFileType = sourcecode.swift; path = HikeDetail.swift; sourceTree = "<group>"; };
		58CBFC45297F143400DCC73B /* HikeView.swift */ = {isa = PBXFileReference; fileEncoding = 4; lastKnownFileType = sourcecode.swift; path = HikeView.swift; sourceTree = "<group>"; };
		58CBFC4B297F251600DCC73B /* CategoryHome.swift */ = {isa = PBXFileReference; lastKnownFileType = sourcecode.swift; path = CategoryHome.swift; sourceTree = "<group>"; };
		58CBFC4D297F2BF600DCC73B /* CategoryRow.swift */ = {isa = PBXFileReference; lastKnownFileType = sourcecode.swift; path = CategoryRow.swift; sourceTree = "<group>"; };
		58CBFC4F297F2E3000DCC73B /* CategoryItem.swift */ = {isa = PBXFileReference; lastKnownFileType = sourcecode.swift; path = CategoryItem.swift; sourceTree = "<group>"; };
		58CBFC52297F366000DCC73B /* Profile.swift */ = {isa = PBXFileReference; lastKnownFileType = sourcecode.swift; path = Profile.swift; sourceTree = "<group>"; };
		58CBFC54297F36B900DCC73B /* ProfileHost.swift */ = {isa = PBXFileReference; lastKnownFileType = sourcecode.swift; path = ProfileHost.swift; sourceTree = "<group>"; };
		58CBFC56297F371900DCC73B /* ProfileSummary.swift */ = {isa = PBXFileReference; lastKnownFileType = sourcecode.swift; path = ProfileSummary.swift; sourceTree = "<group>"; };
		58DA600A297EDC600057DA78 /* HexagonParameters.swift */ = {isa = PBXFileReference; lastKnownFileType = sourcecode.swift; path = HexagonParameters.swift; sourceTree = "<group>"; };
		58DA600C297EDDFC0057DA78 /* BadgeBackground.swift */ = {isa = PBXFileReference; lastKnownFileType = sourcecode.swift; path = BadgeBackground.swift; sourceTree = "<group>"; };
		58DA600E297EE81C0057DA78 /* BadgeSymbol.swift */ = {isa = PBXFileReference; lastKnownFileType = sourcecode.swift; path = BadgeSymbol.swift; sourceTree = "<group>"; };
		58DA6011297EE8A50057DA78 /* RotatedBadgeSymbol.swift */ = {isa = PBXFileReference; lastKnownFileType = sourcecode.swift; path = RotatedBadgeSymbol.swift; sourceTree = "<group>"; };
		58DA6013297EEA480057DA78 /* Badge.swift */ = {isa = PBXFileReference; lastKnownFileType = sourcecode.swift; path = Badge.swift; sourceTree = "<group>"; };
		58E6C50C298031D0000CBDFC /* WatchLandmarks.app */ = {isa = PBXFileReference; explicitFileType = wrapper.application; includeInIndex = 0; path = WatchLandmarks.app; sourceTree = BUILT_PRODUCTS_DIR; };
		58E6C50E298031D1000CBDFC /* Assets.xcassets */ = {isa = PBXFileReference; lastKnownFileType = folder.assetcatalog; path = Assets.xcassets; sourceTree = "<group>"; };
		58E6C514298031D2000CBDFC /* WatchLandmarks WatchKit Extension.appex */ = {isa = PBXFileReference; explicitFileType = "wrapper.app-extension"; includeInIndex = 0; path = "WatchLandmarks WatchKit Extension.appex"; sourceTree = BUILT_PRODUCTS_DIR; };
		58E6C51B298031D2000CBDFC /* ContentView.swift */ = {isa = PBXFileReference; lastKnownFileType = sourcecode.swift; path = ContentView.swift; sourceTree = "<group>"; };
		58E6C51D298031D2000CBDFC /* NotificationController.swift */ = {isa = PBXFileReference; lastKnownFileType = sourcecode.swift; path = NotificationController.swift; sourceTree = "<group>"; };
		58E6C51F298031D2000CBDFC /* NotificationView.swift */ = {isa = PBXFileReference; lastKnownFileType = sourcecode.swift; path = NotificationView.swift; sourceTree = "<group>"; };
		58E6C521298031D2000CBDFC /* ComplicationController.swift */ = {isa = PBXFileReference; lastKnownFileType = sourcecode.swift; path = ComplicationController.swift; sourceTree = "<group>"; };
		58E6C523298031D3000CBDFC /* Assets.xcassets */ = {isa = PBXFileReference; lastKnownFileType = folder.assetcatalog; path = Assets.xcassets; sourceTree = "<group>"; };
		58E6C526298031D3000CBDFC /* Preview Assets.xcassets */ = {isa = PBXFileReference; lastKnownFileType = folder.assetcatalog; path = "Preview Assets.xcassets"; sourceTree = "<group>"; };
		58E6C528298031D3000CBDFC /* Info.plist */ = {isa = PBXFileReference; lastKnownFileType = text.plist.xml; path = Info.plist; sourceTree = "<group>"; };
		58E6C529298031D3000CBDFC /* PushNotificationPayload.apns */ = {isa = PBXFileReference; lastKnownFileType = text; path = PushNotificationPayload.apns; sourceTree = "<group>"; };
		58E6C54129803462000CBDFC /* LandmarkDetail.swift */ = {isa = PBXFileReference; lastKnownFileType = sourcecode.swift; path = LandmarkDetail.swift; sourceTree = "<group>"; };
		58E6C547298066B9000CBDFC /* MacLandmarks.app */ = {isa = PBXFileReference; explicitFileType = wrapper.application; includeInIndex = 0; path = MacLandmarks.app; sourceTree = BUILT_PRODUCTS_DIR; };
		58E6C54B298066B9000CBDFC /* ContentView.swift */ = {isa = PBXFileReference; lastKnownFileType = sourcecode.swift; path = ContentView.swift; sourceTree = "<group>"; };
		58E6C54D298066BD000CBDFC /* Assets.xcassets */ = {isa = PBXFileReference; lastKnownFileType = folder.assetcatalog; path = Assets.xcassets; sourceTree = "<group>"; };
		58E6C550298066BD000CBDFC /* Preview Assets.xcassets */ = {isa = PBXFileReference; lastKnownFileType = folder.assetcatalog; path = "Preview Assets.xcassets"; sourceTree = "<group>"; };
		58E6C552298066BD000CBDFC /* MacLandmarks.entitlements */ = {isa = PBXFileReference; lastKnownFileType = text.plist.entitlements; path = MacLandmarks.entitlements; sourceTree = "<group>"; };
		58E6C56329806A55000CBDFC /* LandmarkDetail.swift */ = {isa = PBXFileReference; lastKnownFileType = sourcecode.swift; path = LandmarkDetail.swift; sourceTree = "<group>"; };
		58E6C56529806E12000CBDFC /* LandmarkList.swift */ = {isa = PBXFileReference; lastKnownFileType = sourcecode.swift; path = LandmarkList.swift; sourceTree = "<group>"; };
		58E6C567298072D7000CBDFC /* LandmarkCommands.swift */ = {isa = PBXFileReference; lastKnownFileType = sourcecode.swift; path = LandmarkCommands.swift; sourceTree = "<group>"; };
		58E6C56A2980786A000CBDFC /* LandmarkSettings.swift */ = {isa = PBXFileReference; lastKnownFileType = sourcecode.swift; path = LandmarkSettings.swift; sourceTree = "<group>"; };
		58FFA5FF2965555400AE3262 /* FavoriteButton.swift */ = {isa = PBXFileReference; lastKnownFileType = sourcecode.swift; path = FavoriteButton.swift; sourceTree = "<group>"; };
/* End PBXFileReference section */

/* Begin PBXFrameworksBuildPhase section */
		589B08072959FAB50032D57E /* Frameworks */ = {
			isa = PBXFrameworksBuildPhase;
			buildActionMask = 2147483647;
			files = (
			);
			runOnlyForDeploymentPostprocessing = 0;
		};
		58E6C511298031D2000CBDFC /* Frameworks */ = {
			isa = PBXFrameworksBuildPhase;
			buildActionMask = 2147483647;
			files = (
			);
			runOnlyForDeploymentPostprocessing = 0;
		};
		58E6C544298066B9000CBDFC /* Frameworks */ = {
			isa = PBXFrameworksBuildPhase;
			buildActionMask = 2147483647;
			files = (
			);
			runOnlyForDeploymentPostprocessing = 0;
		};
/* End PBXFrameworksBuildPhase section */

/* Begin PBXGroup section */
		585465E0297F783300DC3FFF /* PageView */ = {
			isa = PBXGroup;
			children = (
				585465E1297F785000DC3FFF /* PageViewController.swift */,
				585465E3297F7BEA00DC3FFF /* FeatureCard.swift */,
				585465E5297F7DC200DC3FFF /* PageView.swift */,
				585465E7297F830100DC3FFF /* PageControl.swift */,
			);
			path = PageView;
			sourceTree = "<group>";
		};
		589B08012959FAB50032D57E = {
			isa = PBXGroup;
			children = (
				589B080C2959FAB50032D57E /* Landmarks */,
				58E6C50D298031D0000CBDFC /* WatchLandmarks */,
				58E6C518298031D2000CBDFC /* WatchLandmarks WatchKit Extension */,
				58E6C548298066B9000CBDFC /* MacLandmarks */,
				589B080B2959FAB50032D57E /* Products */,
			);
			sourceTree = "<group>";
		};
		589B080B2959FAB50032D57E /* Products */ = {
			isa = PBXGroup;
			children = (
				589B080A2959FAB50032D57E /* Landmarks.app */,
				58E6C50C298031D0000CBDFC /* WatchLandmarks.app */,
				58E6C514298031D2000CBDFC /* WatchLandmarks WatchKit Extension.appex */,
				58E6C547298066B9000CBDFC /* MacLandmarks.app */,
			);
			name = Products;
			sourceTree = "<group>";
		};
		589B080C2959FAB50032D57E /* Landmarks */ = {
			isa = PBXGroup;
			children = (
				58A3B697295B54DC0011B1E2 /* Resource */,
				58A3B696295B54D20011B1E2 /* Model */,
				58A3B695295B54C30011B1E2 /* Views */,
				589B080D2959FAB50032D57E /* LandmarksApp.swift */,
				589B08112959FAB80032D57E /* Assets.xcassets */,
				589B08132959FAB80032D57E /* Preview Content */,
			);
			path = Landmarks;
			sourceTree = "<group>";
		};
		589B08132959FAB80032D57E /* Preview Content */ = {
			isa = PBXGroup;
			children = (
				589B08142959FAB80032D57E /* Preview Assets.xcassets */,
			);
			path = "Preview Content";
			sourceTree = "<group>";
		};
		58A3B695295B54C30011B1E2 /* Views */ = {
			isa = PBXGroup;
			children = (
				589B080F2959FAB50032D57E /* ContentView.swift */,
				585465E0297F783300DC3FFF /* PageView */,
				58CBFC51297F364B00DCC73B /* Profile */,
				58CBFC4A297F24FD00DCC73B /* Categories */,
				58CBFC41297F143400DCC73B /* Hikes */,
				58DA6010297EE8990057DA78 /* Badges */,
				58FFA6022965565D00AE3262 /* Helpers */,
				58FFA6012965565700AE3262 /* Landmarks */,
			);
			path = Views;
			sourceTree = "<group>";
		};
		58A3B696295B54D20011B1E2 /* Model */ = {
			isa = PBXGroup;
			children = (
				58CBFC52297F366000DCC73B /* Profile.swift */,
				58A3B691295B527D0011B1E2 /* Landmark.swift */,
				58A3B693295B53EA0011B1E2 /* ModelData.swift */,
				58CBFC3F297F13BE00DCC73B /* Hike.swift */,
			);
			path = Model;
			sourceTree = "<group>";
		};
		58A3B697295B54DC0011B1E2 /* Resource */ = {
			isa = PBXGroup;
			children = (
				58CBFC3D297F139900DCC73B /* hikeData.json */,
				58A3B68F295B52620011B1E2 /* landmarkData.json */,
			);
			path = Resource;
			sourceTree = "<group>";
		};
		58CBFC41297F143400DCC73B /* Hikes */ = {
			isa = PBXGroup;
			children = (
				58CBFC42297F143400DCC73B /* GraphCapsule.swift */,
				58CBFC43297F143400DCC73B /* HikeGraph.swift */,
				58CBFC44297F143400DCC73B /* HikeDetail.swift */,
				58CBFC45297F143400DCC73B /* HikeView.swift */,
				585465DC297F394200DC3FFF /* HikeBadge.swift */,
			);
			path = Hikes;
			sourceTree = "<group>";
		};
		58CBFC4A297F24FD00DCC73B /* Categories */ = {
			isa = PBXGroup;
			children = (
				58CBFC4B297F251600DCC73B /* CategoryHome.swift */,
				58CBFC4D297F2BF600DCC73B /* CategoryRow.swift */,
				58CBFC4F297F2E3000DCC73B /* CategoryItem.swift */,
			);
			path = Categories;
			sourceTree = "<group>";
		};
		58CBFC51297F364B00DCC73B /* Profile */ = {
			isa = PBXGroup;
			children = (
				58CBFC54297F36B900DCC73B /* ProfileHost.swift */,
				58CBFC56297F371900DCC73B /* ProfileSummary.swift */,
				585465DE297F3EAB00DC3FFF /* ProfileEditor.swift */,
			);
			path = Profile;
			sourceTree = "<group>";
		};
		58DA6010297EE8990057DA78 /* Badges */ = {
			isa = PBXGroup;
			children = (
				58DA600A297EDC600057DA78 /* HexagonParameters.swift */,
				58DA600E297EE81C0057DA78 /* BadgeSymbol.swift */,
				58DA600C297EDDFC0057DA78 /* BadgeBackground.swift */,
				58DA6011297EE8A50057DA78 /* RotatedBadgeSymbol.swift */,
				58DA6013297EEA480057DA78 /* Badge.swift */,
			);
			path = Badges;
			sourceTree = "<group>";
		};
		58E6C50D298031D0000CBDFC /* WatchLandmarks */ = {
			isa = PBXGroup;
			children = (
				58E6C50E298031D1000CBDFC /* Assets.xcassets */,
			);
			path = WatchLandmarks;
			sourceTree = "<group>";
		};
		58E6C518298031D2000CBDFC /* WatchLandmarks WatchKit Extension */ = {
			isa = PBXGroup;
			children = (
				58E6C51B298031D2000CBDFC /* ContentView.swift */,
				58E6C51D298031D2000CBDFC /* NotificationController.swift */,
				58E6C51F298031D2000CBDFC /* NotificationView.swift */,
				58E6C521298031D2000CBDFC /* ComplicationController.swift */,
				58E6C523298031D3000CBDFC /* Assets.xcassets */,
				58E6C528298031D3000CBDFC /* Info.plist */,
				58E6C529298031D3000CBDFC /* PushNotificationPayload.apns */,
				58E6C525298031D3000CBDFC /* Preview Content */,
				58E6C54129803462000CBDFC /* LandmarkDetail.swift */,
				58E6C56529806E12000CBDFC /* LandmarkList.swift */,
			);
			path = "WatchLandmarks WatchKit Extension";
			sourceTree = "<group>";
		};
		58E6C525298031D3000CBDFC /* Preview Content */ = {
			isa = PBXGroup;
			children = (
				58E6C526298031D3000CBDFC /* Preview Assets.xcassets */,
			);
			path = "Preview Content";
			sourceTree = "<group>";
		};
		58E6C548298066B9000CBDFC /* MacLandmarks */ = {
			isa = PBXGroup;
			children = (
				58E6C54B298066B9000CBDFC /* ContentView.swift */,
				58E6C54D298066BD000CBDFC /* Assets.xcassets */,
				58E6C552298066BD000CBDFC /* MacLandmarks.entitlements */,
				58E6C54F298066BD000CBDFC /* Preview Content */,
				58E6C56329806A55000CBDFC /* LandmarkDetail.swift */,
				58E6C567298072D7000CBDFC /* LandmarkCommands.swift */,
				58E6C56A2980786A000CBDFC /* LandmarkSettings.swift */,
			);
			path = MacLandmarks;
			sourceTree = "<group>";
		};
		58E6C54F298066BD000CBDFC /* Preview Content */ = {
			isa = PBXGroup;
			children = (
				58E6C550298066BD000CBDFC /* Preview Assets.xcassets */,
			);
			path = "Preview Content";
			sourceTree = "<group>";
		};
		58FFA6012965565700AE3262 /* Landmarks */ = {
			isa = PBXGroup;
			children = (
				58A3B69A295B57520011B1E2 /* LandmarkRow.swift */,
				58A3B69C295B74080011B1E2 /* LandmarkList.swift */,
				58A3B69E295BCC7E0011B1E2 /* LandmarkDetail.swift */,
			);
			path = Landmarks;
			sourceTree = "<group>";
		};
		58FFA6022965565D00AE3262 /* Helpers */ = {
			isa = PBXGroup;
			children = (
				589B081B2959FF160032D57E /* CircleImage.swift */,
				589B081D295A00250032D57E /* MapView.swift */,
				58FFA5FF2965555400AE3262 /* FavoriteButton.swift */,
			);
			path = Helpers;
			sourceTree = "<group>";
		};
/* End PBXGroup section */

/* Begin PBXNativeTarget section */
		589B08092959FAB50032D57E /* Landmarks */ = {
			isa = PBXNativeTarget;
			buildConfigurationList = 589B08182959FAB80032D57E /* Build configuration list for PBXNativeTarget "Landmarks" */;
			buildPhases = (
				589B08062959FAB50032D57E /* Sources */,
				589B08072959FAB50032D57E /* Frameworks */,
				589B08082959FAB50032D57E /* Resources */,
				58E6C52D298031D3000CBDFC /* Embed Watch Content */,
			);
			buildRules = (
			);
			dependencies = (
				58E6C52B298031D3000CBDFC /* PBXTargetDependency */,
			);
			name = Landmarks;
			productName = Landmarks;
			productReference = 589B080A2959FAB50032D57E /* Landmarks.app */;
			productType = "com.apple.product-type.application";
		};
		58E6C50B298031D0000CBDFC /* WatchLandmarks */ = {
			isa = PBXNativeTarget;
			buildConfigurationList = 58E6C534298031D3000CBDFC /* Build configuration list for PBXNativeTarget "WatchLandmarks" */;
			buildPhases = (
				58E6C50A298031D0000CBDFC /* Resources */,
				58E6C530298031D3000CBDFC /* Embed App Extensions */,
			);
			buildRules = (
			);
			dependencies = (
				58E6C517298031D2000CBDFC /* PBXTargetDependency */,
			);
			name = WatchLandmarks;
			productName = WatchLandmarks;
			productReference = 58E6C50C298031D0000CBDFC /* WatchLandmarks.app */;
			productType = "com.apple.product-type.application.watchapp2";
		};
		58E6C513298031D2000CBDFC /* WatchLandmarks WatchKit Extension */ = {
			isa = PBXNativeTarget;
			buildConfigurationList = 58E6C533298031D3000CBDFC /* Build configuration list for PBXNativeTarget "WatchLandmarks WatchKit Extension" */;
			buildPhases = (
				58E6C510298031D2000CBDFC /* Sources */,
				58E6C511298031D2000CBDFC /* Frameworks */,
				58E6C512298031D2000CBDFC /* Resources */,
			);
			buildRules = (
			);
			dependencies = (
			);
			name = "WatchLandmarks WatchKit Extension";
			productName = "WatchLandmarks WatchKit Extension";
			productReference = 58E6C514298031D2000CBDFC /* WatchLandmarks WatchKit Extension.appex */;
			productType = "com.apple.product-type.watchkit2-extension";
		};
		58E6C546298066B9000CBDFC /* MacLandmarks */ = {
			isa = PBXNativeTarget;
			buildConfigurationList = 58E6C553298066BD000CBDFC /* Build configuration list for PBXNativeTarget "MacLandmarks" */;
			buildPhases = (
				58E6C543298066B9000CBDFC /* Sources */,
				58E6C544298066B9000CBDFC /* Frameworks */,
				58E6C545298066B9000CBDFC /* Resources */,
			);
			buildRules = (
			);
			dependencies = (
			);
			name = MacLandmarks;
			productName = MacLandmarks;
			productReference = 58E6C547298066B9000CBDFC /* MacLandmarks.app */;
			productType = "com.apple.product-type.application";
		};
/* End PBXNativeTarget section */

/* Begin PBXProject section */
		589B08022959FAB50032D57E /* Project object */ = {
			isa = PBXProject;
			attributes = {
				BuildIndependentTargetsInParallel = 1;
				LastSwiftUpdateCheck = 1340;
				LastUpgradeCheck = 1340;
				TargetAttributes = {
					589B08092959FAB50032D57E = {
						CreatedOnToolsVersion = 13.4.1;
					};
					58E6C50B298031D0000CBDFC = {
						CreatedOnToolsVersion = 13.4.1;
					};
					58E6C513298031D2000CBDFC = {
						CreatedOnToolsVersion = 13.4.1;
					};
					58E6C546298066B9000CBDFC = {
						CreatedOnToolsVersion = 13.4.1;
					};
				};
			};
			buildConfigurationList = 589B08052959FAB50032D57E /* Build configuration list for PBXProject "Landmarks" */;
			compatibilityVersion = "Xcode 13.0";
			developmentRegion = en;
			hasScannedForEncodings = 0;
			knownRegions = (
				en,
				Base,
			);
			mainGroup = 589B08012959FAB50032D57E;
			productRefGroup = 589B080B2959FAB50032D57E /* Products */;
			projectDirPath = "";
			projectRoot = "";
			targets = (
				589B08092959FAB50032D57E /* Landmarks */,
				58E6C50B298031D0000CBDFC /* WatchLandmarks */,
				58E6C513298031D2000CBDFC /* WatchLandmarks WatchKit Extension */,
				58E6C546298066B9000CBDFC /* MacLandmarks */,
			);
		};
/* End PBXProject section */

/* Begin PBXResourcesBuildPhase section */
		589B08082959FAB50032D57E /* Resources */ = {
			isa = PBXResourcesBuildPhase;
			buildActionMask = 2147483647;
			files = (
				58CBFC3E297F139900DCC73B /* hikeData.json in Resources */,
				589B08152959FAB80032D57E /* Preview Assets.xcassets in Resources */,
				589B08122959FAB80032D57E /* Assets.xcassets in Resources */,
				58A3B690295B52620011B1E2 /* landmarkData.json in Resources */,
			);
			runOnlyForDeploymentPostprocessing = 0;
		};
		58E6C50A298031D0000CBDFC /* Resources */ = {
			isa = PBXResourcesBuildPhase;
			buildActionMask = 2147483647;
			files = (
				58E6C50F298031D1000CBDFC /* Assets.xcassets in Resources */,
			);
			runOnlyForDeploymentPostprocessing = 0;
		};
		58E6C512298031D2000CBDFC /* Resources */ = {
			isa = PBXResourcesBuildPhase;
			buildActionMask = 2147483647;
			files = (
				58E6C53C29803390000CBDFC /* hikeData.json in Resources */,
				58E6C527298031D3000CBDFC /* Preview Assets.xcassets in Resources */,
				58E6C53A29803390000CBDFC /* Assets.xcassets in Resources */,
				58E6C53D29803390000CBDFC /* landmarkData.json in Resources */,
				58E6C524298031D3000CBDFC /* Assets.xcassets in Resources */,
			);
			runOnlyForDeploymentPostprocessing = 0;
		};
		58E6C545298066B9000CBDFC /* Resources */ = {
			isa = PBXResourcesBuildPhase;
			buildActionMask = 2147483647;
			files = (
				58E6C551298066BD000CBDFC /* Preview Assets.xcassets in Resources */,
				58E6C54E298066BD000CBDFC /* Assets.xcassets in Resources */,
				58E6C55B298067E7000CBDFC /* Assets.xcassets in Resources */,
				58E6C558298067E7000CBDFC /* landmarkData.json in Resources */,
				58E6C55F298067E7000CBDFC /* hikeData.json in Resources */,
			);
			runOnlyForDeploymentPostprocessing = 0;
		};
/* End PBXResourcesBuildPhase section */

/* Begin PBXSourcesBuildPhase section */
		589B08062959FAB50032D57E /* Sources */ = {
			isa = PBXSourcesBuildPhase;
			buildActionMask = 2147483647;
			files = (
				58CBFC4E297F2BF600DCC73B /* CategoryRow.swift in Sources */,
				58CBFC53297F366000DCC73B /* Profile.swift in Sources */,
				58E6C568298072D7000CBDFC /* LandmarkCommands.swift in Sources */,
				589B08102959FAB50032D57E /* ContentView.swift in Sources */,
				58CBFC4C297F251600DCC73B /* CategoryHome.swift in Sources */,
				585465E4297F7BEA00DC3FFF /* FeatureCard.swift in Sources */,
				58CBFC47297F143400DCC73B /* HikeGraph.swift in Sources */,
				58DA6014297EEA480057DA78 /* Badge.swift in Sources */,
				589B081E295A00250032D57E /* MapView.swift in Sources */,
				58CBFC46297F143400DCC73B /* GraphCapsule.swift in Sources */,
				589B080E2959FAB50032D57E /* LandmarksApp.swift in Sources */,
				585465E8297F830100DC3FFF /* PageControl.swift in Sources */,
				58FFA6002965555400AE3262 /* FavoriteButton.swift in Sources */,
				58CBFC50297F2E3000DCC73B /* CategoryItem.swift in Sources */,
				58CBFC48297F143400DCC73B /* HikeDetail.swift in Sources */,
				58CBFC57297F371900DCC73B /* ProfileSummary.swift in Sources */,
				58DA600B297EDC600057DA78 /* HexagonParameters.swift in Sources */,
				58CBFC55297F36B900DCC73B /* ProfileHost.swift in Sources */,
				58CBFC40297F13BE00DCC73B /* Hike.swift in Sources */,
				58DA6012297EE8A50057DA78 /* RotatedBadgeSymbol.swift in Sources */,
				585465E6297F7DC200DC3FFF /* PageView.swift in Sources */,
				58DA600F297EE81C0057DA78 /* BadgeSymbol.swift in Sources */,
				585465DF297F3EAB00DC3FFF /* ProfileEditor.swift in Sources */,
				58A3B69D295B74080011B1E2 /* LandmarkList.swift in Sources */,
				58CBFC49297F143400DCC73B /* HikeView.swift in Sources */,
				58A3B69F295BCC7E0011B1E2 /* LandmarkDetail.swift in Sources */,
				585465E2297F785000DC3FFF /* PageViewController.swift in Sources */,
				58DA600D297EDDFC0057DA78 /* BadgeBackground.swift in Sources */,
				585465DD297F394200DC3FFF /* HikeBadge.swift in Sources */,
				589B081C2959FF160032D57E /* CircleImage.swift in Sources */,
				58A3B692295B527D0011B1E2 /* Landmark.swift in Sources */,
				58A3B69B295B57520011B1E2 /* LandmarkRow.swift in Sources */,
				58A3B694295B53EA0011B1E2 /* ModelData.swift in Sources */,
			);
			runOnlyForDeploymentPostprocessing = 0;
		};
		58E6C510298031D2000CBDFC /* Sources */ = {
			isa = PBXSourcesBuildPhase;
			buildActionMask = 2147483647;
			files = (
				58E6C51E298031D2000CBDFC /* NotificationController.swift in Sources */,
				58E6C53F29803390000CBDFC /* Profile.swift in Sources */,
				58E6C54029803390000CBDFC /* CircleImage.swift in Sources */,
				58E6C56629806E12000CBDFC /* LandmarkList.swift in Sources */,
				58E6C51C298031D2000CBDFC /* ContentView.swift in Sources */,
				58E6C53E29803390000CBDFC /* MapView.swift in Sources */,
				58E6C54229803462000CBDFC /* LandmarkDetail.swift in Sources */,
				58E6C53729803390000CBDFC /* Hike.swift in Sources */,
				58E6C53929803390000CBDFC /* LandmarksApp.swift in Sources */,
				58E6C53529803390000CBDFC /* ModelData.swift in Sources */,
				58E6C522298031D2000CBDFC /* ComplicationController.swift in Sources */,
				58E6C53829803390000CBDFC /* LandmarkRow.swift in Sources */,
				58E6C520298031D2000CBDFC /* NotificationView.swift in Sources */,
				58E6C53B29803390000CBDFC /* Landmark.swift in Sources */,
			);
			runOnlyForDeploymentPostprocessing = 0;
		};
		58E6C543298066B9000CBDFC /* Sources */ = {
			isa = PBXSourcesBuildPhase;
			buildActionMask = 2147483647;
			files = (
				58E6C54C298066B9000CBDFC /* ContentView.swift in Sources */,
				58E6C562298067E7000CBDFC /* LandmarkList.swift in Sources */,
				58E6C56C2980786A000CBDFC /* LandmarkSettings.swift in Sources */,
				58E6C55A298067E7000CBDFC /* Profile.swift in Sources */,
				58E6C55C298067E7000CBDFC /* LandmarkRow.swift in Sources */,
				58E6C569298072D7000CBDFC /* LandmarkCommands.swift in Sources */,
				58E6C56429806A55000CBDFC /* LandmarkDetail.swift in Sources */,
				58E6C55D298067E7000CBDFC /* CircleImage.swift in Sources */,
				58E6C556298067E7000CBDFC /* LandmarksApp.swift in Sources */,
				58E6C557298067E7000CBDFC /* ModelData.swift in Sources */,
				58E6C55E298067E7000CBDFC /* Hike.swift in Sources */,
				58E6C560298067E7000CBDFC /* MapView.swift in Sources */,
				58E6C559298067E7000CBDFC /* FavoriteButton.swift in Sources */,
				58E6C561298067E7000CBDFC /* Landmark.swift in Sources */,
			);
			runOnlyForDeploymentPostprocessing = 0;
		};
/* End PBXSourcesBuildPhase section */

/* Begin PBXTargetDependency section */
		58E6C517298031D2000CBDFC /* PBXTargetDependency */ = {
			isa = PBXTargetDependency;
			target = 58E6C513298031D2000CBDFC /* WatchLandmarks WatchKit Extension */;
			targetProxy = 58E6C516298031D2000CBDFC /* PBXContainerItemProxy */;
		};
		58E6C52B298031D3000CBDFC /* PBXTargetDependency */ = {
			isa = PBXTargetDependency;
			target = 58E6C50B298031D0000CBDFC /* WatchLandmarks */;
			targetProxy = 58E6C52A298031D3000CBDFC /* PBXContainerItemProxy */;
		};
/* End PBXTargetDependency section */

/* Begin XCBuildConfiguration section */
		589B08162959FAB80032D57E /* Debug */ = {
			isa = XCBuildConfiguration;
			buildSettings = {
				ALWAYS_SEARCH_USER_PATHS = NO;
				CLANG_ANALYZER_NONNULL = YES;
				CLANG_ANALYZER_NUMBER_OBJECT_CONVERSION = YES_AGGRESSIVE;
				CLANG_CXX_LANGUAGE_STANDARD = "gnu++17";
				CLANG_ENABLE_MODULES = YES;
				CLANG_ENABLE_OBJC_ARC = YES;
				CLANG_ENABLE_OBJC_WEAK = YES;
				CLANG_WARN_BLOCK_CAPTURE_AUTORELEASING = YES;
				CLANG_WARN_BOOL_CONVERSION = YES;
				CLANG_WARN_COMMA = YES;
				CLANG_WARN_CONSTANT_CONVERSION = YES;
				CLANG_WARN_DEPRECATED_OBJC_IMPLEMENTATIONS = YES;
				CLANG_WARN_DIRECT_OBJC_ISA_USAGE = YES_ERROR;
				CLANG_WARN_DOCUMENTATION_COMMENTS = YES;
				CLANG_WARN_EMPTY_BODY = YES;
				CLANG_WARN_ENUM_CONVERSION = YES;
				CLANG_WARN_INFINITE_RECURSION = YES;
				CLANG_WARN_INT_CONVERSION = YES;
				CLANG_WARN_NON_LITERAL_NULL_CONVERSION = YES;
				CLANG_WARN_OBJC_IMPLICIT_RETAIN_SELF = YES;
				CLANG_WARN_OBJC_LITERAL_CONVERSION = YES;
				CLANG_WARN_OBJC_ROOT_CLASS = YES_ERROR;
				CLANG_WARN_QUOTED_INCLUDE_IN_FRAMEWORK_HEADER = YES;
				CLANG_WARN_RANGE_LOOP_ANALYSIS = YES;
				CLANG_WARN_STRICT_PROTOTYPES = YES;
				CLANG_WARN_SUSPICIOUS_MOVE = YES;
				CLANG_WARN_UNGUARDED_AVAILABILITY = YES_AGGRESSIVE;
				CLANG_WARN_UNREACHABLE_CODE = YES;
				CLANG_WARN__DUPLICATE_METHOD_MATCH = YES;
				COPY_PHASE_STRIP = NO;
				DEBUG_INFORMATION_FORMAT = dwarf;
				ENABLE_STRICT_OBJC_MSGSEND = YES;
				ENABLE_TESTABILITY = YES;
				GCC_C_LANGUAGE_STANDARD = gnu11;
				GCC_DYNAMIC_NO_PIC = NO;
				GCC_NO_COMMON_BLOCKS = YES;
				GCC_OPTIMIZATION_LEVEL = 0;
				GCC_PREPROCESSOR_DEFINITIONS = (
					"DEBUG=1",
					"$(inherited)",
				);
				GCC_WARN_64_TO_32_BIT_CONVERSION = YES;
				GCC_WARN_ABOUT_RETURN_TYPE = YES_ERROR;
				GCC_WARN_UNDECLARED_SELECTOR = YES;
				GCC_WARN_UNINITIALIZED_AUTOS = YES_AGGRESSIVE;
				GCC_WARN_UNUSED_FUNCTION = YES;
				GCC_WARN_UNUSED_VARIABLE = YES;
				IPHONEOS_DEPLOYMENT_TARGET = 15.5;
				MTL_ENABLE_DEBUG_INFO = INCLUDE_SOURCE;
				MTL_FAST_MATH = YES;
				ONLY_ACTIVE_ARCH = YES;
				SDKROOT = iphoneos;
				SWIFT_ACTIVE_COMPILATION_CONDITIONS = DEBUG;
				SWIFT_OPTIMIZATION_LEVEL = "-Onone";
			};
			name = Debug;
		};
		589B08172959FAB80032D57E /* Release */ = {
			isa = XCBuildConfiguration;
			buildSettings = {
				ALWAYS_SEARCH_USER_PATHS = NO;
				CLANG_ANALYZER_NONNULL = YES;
				CLANG_ANALYZER_NUMBER_OBJECT_CONVERSION = YES_AGGRESSIVE;
				CLANG_CXX_LANGUAGE_STANDARD = "gnu++17";
				CLANG_ENABLE_MODULES = YES;
				CLANG_ENABLE_OBJC_ARC = YES;
				CLANG_ENABLE_OBJC_WEAK = YES;
				CLANG_WARN_BLOCK_CAPTURE_AUTORELEASING = YES;
				CLANG_WARN_BOOL_CONVERSION = YES;
				CLANG_WARN_COMMA = YES;
				CLANG_WARN_CONSTANT_CONVERSION = YES;
				CLANG_WARN_DEPRECATED_OBJC_IMPLEMENTATIONS = YES;
				CLANG_WARN_DIRECT_OBJC_ISA_USAGE = YES_ERROR;
				CLANG_WARN_DOCUMENTATION_COMMENTS = YES;
				CLANG_WARN_EMPTY_BODY = YES;
				CLANG_WARN_ENUM_CONVERSION = YES;
				CLANG_WARN_INFINITE_RECURSION = YES;
				CLANG_WARN_INT_CONVERSION = YES;
				CLANG_WARN_NON_LITERAL_NULL_CONVERSION = YES;
				CLANG_WARN_OBJC_IMPLICIT_RETAIN_SELF = YES;
				CLANG_WARN_OBJC_LITERAL_CONVERSION = YES;
				CLANG_WARN_OBJC_ROOT_CLASS = YES_ERROR;
				CLANG_WARN_QUOTED_INCLUDE_IN_FRAMEWORK_HEADER = YES;
				CLANG_WARN_RANGE_LOOP_ANALYSIS = YES;
				CLANG_WARN_STRICT_PROTOTYPES = YES;
				CLANG_WARN_SUSPICIOUS_MOVE = YES;
				CLANG_WARN_UNGUARDED_AVAILABILITY = YES_AGGRESSIVE;
				CLANG_WARN_UNREACHABLE_CODE = YES;
				CLANG_WARN__DUPLICATE_METHOD_MATCH = YES;
				COPY_PHASE_STRIP = NO;
				DEBUG_INFORMATION_FORMAT = "dwarf-with-dsym";
				ENABLE_NS_ASSERTIONS = NO;
				ENABLE_STRICT_OBJC_MSGSEND = YES;
				GCC_C_LANGUAGE_STANDARD = gnu11;
				GCC_NO_COMMON_BLOCKS = YES;
				GCC_WARN_64_TO_32_BIT_CONVERSION = YES;
				GCC_WARN_ABOUT_RETURN_TYPE = YES_ERROR;
				GCC_WARN_UNDECLARED_SELECTOR = YES;
				GCC_WARN_UNINITIALIZED_AUTOS = YES_AGGRESSIVE;
				GCC_WARN_UNUSED_FUNCTION = YES;
				GCC_WARN_UNUSED_VARIABLE = YES;
				IPHONEOS_DEPLOYMENT_TARGET = 15.5;
				MTL_ENABLE_DEBUG_INFO = NO;
				MTL_FAST_MATH = YES;
				SDKROOT = iphoneos;
				SWIFT_COMPILATION_MODE = wholemodule;
				SWIFT_OPTIMIZATION_LEVEL = "-O";
				VALIDATE_PRODUCT = YES;
			};
			name = Release;
		};
		589B08192959FAB80032D57E /* Debug */ = {
			isa = XCBuildConfiguration;
			buildSettings = {
				ASSETCATALOG_COMPILER_APPICON_NAME = AppIcon;
				ASSETCATALOG_COMPILER_GLOBAL_ACCENT_COLOR_NAME = AccentColor;
				CODE_SIGN_STYLE = Automatic;
				CURRENT_PROJECT_VERSION = 1;
				DEVELOPMENT_ASSET_PATHS = "\"Landmarks/Preview Content\"";
				DEVELOPMENT_TEAM = 9JSRL669P2;
				ENABLE_PREVIEWS = YES;
				GENERATE_INFOPLIST_FILE = YES;
				INFOPLIST_KEY_UIApplicationSceneManifest_Generation = YES;
				INFOPLIST_KEY_UIApplicationSupportsIndirectInputEvents = YES;
				INFOPLIST_KEY_UILaunchScreen_Generation = YES;
				INFOPLIST_KEY_UISupportedInterfaceOrientations_iPad = "UIInterfaceOrientationPortrait UIInterfaceOrientationPortraitUpsideDown UIInterfaceOrientationLandscapeLeft UIInterfaceOrientationLandscapeRight";
				INFOPLIST_KEY_UISupportedInterfaceOrientations_iPhone = "UIInterfaceOrientationPortrait UIInterfaceOrientationLandscapeLeft UIInterfaceOrientationLandscapeRight";
				LD_RUNPATH_SEARCH_PATHS = (
					"$(inherited)",
					"@executable_path/Frameworks",
				);
				MARKETING_VERSION = 1.0;
				PRODUCT_BUNDLE_IDENTIFIER = ata.studio.vn.Landmarks;
				PRODUCT_NAME = "$(TARGET_NAME)";
				SWIFT_EMIT_LOC_STRINGS = YES;
				SWIFT_VERSION = 5.0;
				TARGETED_DEVICE_FAMILY = "1,2";
			};
			name = Debug;
		};
		589B081A2959FAB80032D57E /* Release */ = {
			isa = XCBuildConfiguration;
			buildSettings = {
				ASSETCATALOG_COMPILER_APPICON_NAME = AppIcon;
				ASSETCATALOG_COMPILER_GLOBAL_ACCENT_COLOR_NAME = AccentColor;
				CODE_SIGN_STYLE = Automatic;
				CURRENT_PROJECT_VERSION = 1;
				DEVELOPMENT_ASSET_PATHS = "\"Landmarks/Preview Content\"";
				DEVELOPMENT_TEAM = 9JSRL669P2;
				ENABLE_PREVIEWS = YES;
				GENERATE_INFOPLIST_FILE = YES;
				INFOPLIST_KEY_UIApplicationSceneManifest_Generation = YES;
				INFOPLIST_KEY_UIApplicationSupportsIndirectInputEvents = YES;
				INFOPLIST_KEY_UILaunchScreen_Generation = YES;
				INFOPLIST_KEY_UISupportedInterfaceOrientations_iPad = "UIInterfaceOrientationPortrait UIInterfaceOrientationPortraitUpsideDown UIInterfaceOrientationLandscapeLeft UIInterfaceOrientationLandscapeRight";
				INFOPLIST_KEY_UISupportedInterfaceOrientations_iPhone = "UIInterfaceOrientationPortrait UIInterfaceOrientationLandscapeLeft UIInterfaceOrientationLandscapeRight";
				LD_RUNPATH_SEARCH_PATHS = (
					"$(inherited)",
					"@executable_path/Frameworks",
				);
				MARKETING_VERSION = 1.0;
				PRODUCT_BUNDLE_IDENTIFIER = ata.studio.vn.Landmarks;
				PRODUCT_NAME = "$(TARGET_NAME)";
				SWIFT_EMIT_LOC_STRINGS = YES;
				SWIFT_VERSION = 5.0;
				TARGETED_DEVICE_FAMILY = "1,2";
			};
			name = Release;
		};
		58E6C52E298031D3000CBDFC /* Debug */ = {
			isa = XCBuildConfiguration;
			buildSettings = {
				ALWAYS_EMBED_SWIFT_STANDARD_LIBRARIES = YES;
				ASSETCATALOG_COMPILER_APPICON_NAME = AppIcon;
				ASSETCATALOG_COMPILER_GLOBAL_ACCENT_COLOR_NAME = AccentColor;
				CODE_SIGN_STYLE = Automatic;
				CURRENT_PROJECT_VERSION = 1;
				DEVELOPMENT_TEAM = 9JSRL669P2;
				GENERATE_INFOPLIST_FILE = YES;
				IBSC_MODULE = WatchLandmarks_WatchKit_Extension;
				INFOPLIST_KEY_CFBundleDisplayName = WatchLandmarks;
				INFOPLIST_KEY_UISupportedInterfaceOrientations = "UIInterfaceOrientationPortrait UIInterfaceOrientationPortraitUpsideDown";
				INFOPLIST_KEY_WKCompanionAppBundleIdentifier = ata.studio.vn.Landmarks;
				MARKETING_VERSION = 1.0;
				PRODUCT_BUNDLE_IDENTIFIER = ata.studio.vn.Landmarks.watchkitapp;
				PRODUCT_NAME = "$(TARGET_NAME)";
				SDKROOT = watchos;
				SKIP_INSTALL = YES;
				SWIFT_EMIT_LOC_STRINGS = YES;
				SWIFT_VERSION = 5.0;
				TARGETED_DEVICE_FAMILY = 4;
				WATCHOS_DEPLOYMENT_TARGET = 8.5;
			};
			name = Debug;
		};
		58E6C52F298031D3000CBDFC /* Release */ = {
			isa = XCBuildConfiguration;
			buildSettings = {
				ALWAYS_EMBED_SWIFT_STANDARD_LIBRARIES = YES;
				ASSETCATALOG_COMPILER_APPICON_NAME = AppIcon;
				ASSETCATALOG_COMPILER_GLOBAL_ACCENT_COLOR_NAME = AccentColor;
				CODE_SIGN_STYLE = Automatic;
				CURRENT_PROJECT_VERSION = 1;
				DEVELOPMENT_TEAM = 9JSRL669P2;
				GENERATE_INFOPLIST_FILE = YES;
				IBSC_MODULE = WatchLandmarks_WatchKit_Extension;
				INFOPLIST_KEY_CFBundleDisplayName = WatchLandmarks;
				INFOPLIST_KEY_UISupportedInterfaceOrientations = "UIInterfaceOrientationPortrait UIInterfaceOrientationPortraitUpsideDown";
				INFOPLIST_KEY_WKCompanionAppBundleIdentifier = ata.studio.vn.Landmarks;
				MARKETING_VERSION = 1.0;
				PRODUCT_BUNDLE_IDENTIFIER = ata.studio.vn.Landmarks.watchkitapp;
				PRODUCT_NAME = "$(TARGET_NAME)";
				SDKROOT = watchos;
				SKIP_INSTALL = YES;
				SWIFT_EMIT_LOC_STRINGS = YES;
				SWIFT_VERSION = 5.0;
				TARGETED_DEVICE_FAMILY = 4;
				WATCHOS_DEPLOYMENT_TARGET = 8.5;
			};
			name = Release;
		};
		58E6C531298031D3000CBDFC /* Debug */ = {
			isa = XCBuildConfiguration;
			buildSettings = {
				ASSETCATALOG_COMPILER_COMPLICATION_NAME = Complication;
				CODE_SIGN_STYLE = Automatic;
				CURRENT_PROJECT_VERSION = 1;
				DEVELOPMENT_ASSET_PATHS = "\"WatchLandmarks WatchKit Extension/Preview Content\"";
				DEVELOPMENT_TEAM = 9JSRL669P2;
				ENABLE_PREVIEWS = YES;
				GENERATE_INFOPLIST_FILE = YES;
				INFOPLIST_FILE = "WatchLandmarks WatchKit Extension/Info.plist";
				INFOPLIST_KEY_CFBundleDisplayName = "WatchLandmarks WatchKit Extension";
				INFOPLIST_KEY_CLKComplicationPrincipalClass = WatchLandmarks_WatchKit_Extension.ComplicationController;
				INFOPLIST_KEY_NSHumanReadableCopyright = "";
				INFOPLIST_KEY_WKRunsIndependentlyOfCompanionApp = YES;
				LD_RUNPATH_SEARCH_PATHS = (
					"$(inherited)",
					"@executable_path/Frameworks",
					"@executable_path/../../Frameworks",
				);
				MARKETING_VERSION = 1.0;
				PRODUCT_BUNDLE_IDENTIFIER = ata.studio.vn.Landmarks.watchkitapp.watchkitextension;
				PRODUCT_NAME = "${TARGET_NAME}";
				SDKROOT = watchos;
				SKIP_INSTALL = YES;
				SWIFT_EMIT_LOC_STRINGS = YES;
				SWIFT_VERSION = 5.0;
				TARGETED_DEVICE_FAMILY = 4;
				WATCHOS_DEPLOYMENT_TARGET = 8.5;
			};
			name = Debug;
		};
		58E6C532298031D3000CBDFC /* Release */ = {
			isa = XCBuildConfiguration;
			buildSettings = {
				ASSETCATALOG_COMPILER_COMPLICATION_NAME = Complication;
				CODE_SIGN_STYLE = Automatic;
				CURRENT_PROJECT_VERSION = 1;
				DEVELOPMENT_ASSET_PATHS = "\"WatchLandmarks WatchKit Extension/Preview Content\"";
				DEVELOPMENT_TEAM = 9JSRL669P2;
				ENABLE_PREVIEWS = YES;
				GENERATE_INFOPLIST_FILE = YES;
				INFOPLIST_FILE = "WatchLandmarks WatchKit Extension/Info.plist";
				INFOPLIST_KEY_CFBundleDisplayName = "WatchLandmarks WatchKit Extension";
				INFOPLIST_KEY_CLKComplicationPrincipalClass = WatchLandmarks_WatchKit_Extension.ComplicationController;
				INFOPLIST_KEY_NSHumanReadableCopyright = "";
				INFOPLIST_KEY_WKRunsIndependentlyOfCompanionApp = YES;
				LD_RUNPATH_SEARCH_PATHS = (
					"$(inherited)",
					"@executable_path/Frameworks",
					"@executable_path/../../Frameworks",
				);
				MARKETING_VERSION = 1.0;
				PRODUCT_BUNDLE_IDENTIFIER = ata.studio.vn.Landmarks.watchkitapp.watchkitextension;
				PRODUCT_NAME = "${TARGET_NAME}";
				SDKROOT = watchos;
				SKIP_INSTALL = YES;
				SWIFT_EMIT_LOC_STRINGS = YES;
				SWIFT_VERSION = 5.0;
				TARGETED_DEVICE_FAMILY = 4;
				WATCHOS_DEPLOYMENT_TARGET = 8.5;
			};
			name = Release;
		};
		58E6C554298066BD000CBDFC /* Debug */ = {
			isa = XCBuildConfiguration;
			buildSettings = {
				ASSETCATALOG_COMPILER_APPICON_NAME = AppIcon;
				ASSETCATALOG_COMPILER_GLOBAL_ACCENT_COLOR_NAME = AccentColor;
				CODE_SIGN_ENTITLEMENTS = MacLandmarks/MacLandmarks.entitlements;
				CODE_SIGN_STYLE = Automatic;
				COMBINE_HIDPI_IMAGES = YES;
				CURRENT_PROJECT_VERSION = 1;
				DEVELOPMENT_ASSET_PATHS = "\"MacLandmarks/Preview Content\"";
				DEVELOPMENT_TEAM = 9JSRL669P2;
				ENABLE_HARDENED_RUNTIME = YES;
				ENABLE_PREVIEWS = YES;
				GENERATE_INFOPLIST_FILE = YES;
				INFOPLIST_KEY_NSHumanReadableCopyright = "";
				LD_RUNPATH_SEARCH_PATHS = (
					"$(inherited)",
					"@executable_path/../Frameworks",
				);
				MACOSX_DEPLOYMENT_TARGET = 12.3;
				MARKETING_VERSION = 1.0;
				PRODUCT_BUNDLE_IDENTIFIER = ata.studio.vn.MacLandmarks;
				PRODUCT_NAME = "$(TARGET_NAME)";
				SDKROOT = macosx;
				SWIFT_EMIT_LOC_STRINGS = YES;
				SWIFT_VERSION = 5.0;
			};
			name = Debug;
		};
		58E6C555298066BD000CBDFC /* Release */ = {
			isa = XCBuildConfiguration;
			buildSettings = {
				ASSETCATALOG_COMPILER_APPICON_NAME = AppIcon;
				ASSETCATALOG_COMPILER_GLOBAL_ACCENT_COLOR_NAME = AccentColor;
				CODE_SIGN_ENTITLEMENTS = MacLandmarks/MacLandmarks.entitlements;
				CODE_SIGN_STYLE = Automatic;
				COMBINE_HIDPI_IMAGES = YES;
				CURRENT_PROJECT_VERSION = 1;
				DEVELOPMENT_ASSET_PATHS = "\"MacLandmarks/Preview Content\"";
				DEVELOPMENT_TEAM = 9JSRL669P2;
				ENABLE_HARDENED_RUNTIME = YES;
				ENABLE_PREVIEWS = YES;
				GENERATE_INFOPLIST_FILE = YES;
				INFOPLIST_KEY_NSHumanReadableCopyright = "";
				LD_RUNPATH_SEARCH_PATHS = (
					"$(inherited)",
					"@executable_path/../Frameworks",
				);
				MACOSX_DEPLOYMENT_TARGET = 12.3;
				MARKETING_VERSION = 1.0;
				PRODUCT_BUNDLE_IDENTIFIER = ata.studio.vn.MacLandmarks;
				PRODUCT_NAME = "$(TARGET_NAME)";
				SDKROOT = macosx;
				SWIFT_EMIT_LOC_STRINGS = YES;
				SWIFT_VERSION = 5.0;
			};
			name = Release;
		};
/* End XCBuildConfiguration section */

/* Begin XCConfigurationList section */
		589B08052959FAB50032D57E /* Build configuration list for PBXProject "Landmarks" */ = {
			isa = XCConfigurationList;
			buildConfigurations = (
				589B08162959FAB80032D57E /* Debug */,
				589B08172959FAB80032D57E /* Release */,
			);
			defaultConfigurationIsVisible = 0;
			defaultConfigurationName = Release;
		};
		589B08182959FAB80032D57E /* Build configuration list for PBXNativeTarget "Landmarks" */ = {
			isa = XCConfigurationList;
			buildConfigurations = (
				589B08192959FAB80032D57E /* Debug */,
				589B081A2959FAB80032D57E /* Release */,
			);
			defaultConfigurationIsVisible = 0;
			defaultConfigurationName = Release;
		};
		58E6C533298031D3000CBDFC /* Build configuration list for PBXNativeTarget "WatchLandmarks WatchKit Extension" */ = {
			isa = XCConfigurationList;
			buildConfigurations = (
				58E6C531298031D3000CBDFC /* Debug */,
				58E6C532298031D3000CBDFC /* Release */,
			);
			defaultConfigurationIsVisible = 0;
			defaultConfigurationName = Release;
		};
		58E6C534298031D3000CBDFC /* Build configuration list for PBXNativeTarget "WatchLandmarks" */ = {
			isa = XCConfigurationList;
			buildConfigurations = (
				58E6C52E298031D3000CBDFC /* Debug */,
				58E6C52F298031D3000CBDFC /* Release */,
			);
			defaultConfigurationIsVisible = 0;
			defaultConfigurationName = Release;
		};
		58E6C553298066BD000CBDFC /* Build configuration list for PBXNativeTarget "MacLandmarks" */ = {
			isa = XCConfigurationList;
			buildConfigurations = (
				58E6C554298066BD000CBDFC /* Debug */,
				58E6C555298066BD000CBDFC /* Release */,
			);
			defaultConfigurationIsVisible = 0;
			defaultConfigurationName = Release;
		};
/* End XCConfigurationList section */
	};
	rootObject = 589B08022959FAB50032D57E /* Project object */;
}
