// !$*UTF8*$!
{
	archiveVersion = 1;
	classes = {
	};
	objectVersion = 55;
	objects = {

/* Begin PBXBuildFile section */
		585465DD297F394200DC3FFF /* HikeBadge.swift in Sources */ = {isa = PBXBuildFile; fileRef = 585465DC297F394200DC3FFF /* HikeBadge.swift */; };
		585465DF297F3EAB00DC3FFF /* ProfileEditor.swift in Sources */ = {isa = PBXBuildFile; fileRef = 585465DE297F3EAB00DC3FFF /* ProfileEditor.swift */; };
		589B080E2959FAB50032D57E /* LandmarksApp.swift in Sources */ = {isa = PBXBuildFile; fileRef = 589B080D2959FAB50032D57E /* LandmarksApp.swift */; };
		589B08102959FAB50032D57E /* ContentView.swift in Sources */ = {isa = PBXBuildFile; fileRef = 589B080F2959FAB50032D57E /* ContentView.swift */; };
		589B08122959FAB80032D57E /* Assets.xcassets in Resources */ = {isa = PBXBuildFile; fileRef = 589B08112959FAB80032D57E /* Assets.xcassets */; };
		589B08152959FAB80032D57E /* Preview Assets.xcassets in Resources */ = {isa = PBXBuildFile; fileRef = 589B08142959FAB80032D57E /* Preview Assets.xcassets */; };
		589B081C2959FF160032D57E /* CircleImage.swift in Sources */ = {isa = PBXBuildFile; fileRef = 589B081B2959FF160032D57E /* CircleImage.swift */; };
		589B081E295A00250032D57E /* MapView.swift in Sources */ = {isa = PBXBuildFile; fileRef = 589B081D295A00250032D57E /* MapView.swift */; };
		58A3B690295B52620011B1E2 /* landmarkData.json in Resources */ = {isa = PBXBuildFile; fileRef = 58A3B68F295B52620011B1E2 /* landmarkData.json */; };
		58A3B692295B527D0011B1E2 /* Landmark.swift in Sources */ = {isa = PBXBuildFile; fileRef = 58A3B691295B527D0011B1E2 /* Landmark.swift */; };
		58A3B694295B53EA0011B1E2 /* ModelData.swift in Sources */ = {isa = PBXBuildFile; fileRef = 58A3B693295B53EA0011B1E2 /* ModelData.swift */; };
		58A3B69B295B57520011B1E2 /* LandmarkRow.swift in Sources */ = {isa = PBXBuildFile; fileRef = 58A3B69A295B57520011B1E2 /* LandmarkRow.swift */; };
		58A3B69D295B74080011B1E2 /* LandmarkList.swift in Sources */ = {isa = PBXBuildFile; fileRef = 58A3B69C295B74080011B1E2 /* LandmarkList.swift */; };
		58A3B69F295BCC7E0011B1E2 /* LandmarkDetail.swift in Sources */ = {isa = PBXBuildFile; fileRef = 58A3B69E295BCC7E0011B1E2 /* LandmarkDetail.swift */; };
		58CBFC3E297F139900DCC73B /* hikeData.json in Resources */ = {isa = PBXBuildFile; fileRef = 58CBFC3D297F139900DCC73B /* hikeData.json */; };
		58CBFC40297F13BE00DCC73B /* Hike.swift in Sources */ = {isa = PBXBuildFile; fileRef = 58CBFC3F297F13BE00DCC73B /* Hike.swift */; };
		58CBFC46297F143400DCC73B /* GraphCapsule.swift in Sources */ = {isa = PBXBuildFile; fileRef = 58CBFC42297F143400DCC73B /* GraphCapsule.swift */; };
		58CBFC47297F143400DCC73B /* HikeGraph.swift in Sources */ = {isa = PBXBuildFile; fileRef = 58CBFC43297F143400DCC73B /* HikeGraph.swift */; };
		58CBFC48297F143400DCC73B /* HikeDetail.swift in Sources */ = {isa = PBXBuildFile; fileRef = 58CBFC44297F143400DCC73B /* HikeDetail.swift */; };
		58CBFC49297F143400DCC73B /* HikeView.swift in Sources */ = {isa = PBXBuildFile; fileRef = 58CBFC45297F143400DCC73B /* HikeView.swift */; };
		58CBFC4C297F251600DCC73B /* CategoryHome.swift in Sources */ = {isa = PBXBuildFile; fileRef = 58CBFC4B297F251600DCC73B /* CategoryHome.swift */; };
		58CBFC4E297F2BF600DCC73B /* CategoryRow.swift in Sources */ = {isa = PBXBuildFile; fileRef = 58CBFC4D297F2BF600DCC73B /* CategoryRow.swift */; };
		58CBFC50297F2E3000DCC73B /* CategoryItem.swift in Sources */ = {isa = PBXBuildFile; fileRef = 58CBFC4F297F2E3000DCC73B /* CategoryItem.swift */; };
		58CBFC53297F366000DCC73B /* Profile.swift in Sources */ = {isa = PBXBuildFile; fileRef = 58CBFC52297F366000DCC73B /* Profile.swift */; };
		58CBFC55297F36B900DCC73B /* ProfileHost.swift in Sources */ = {isa = PBXBuildFile; fileRef = 58CBFC54297F36B900DCC73B /* ProfileHost.swift */; };
		58CBFC57297F371900DCC73B /* ProfileSummary.swift in Sources */ = {isa = PBXBuildFile; fileRef = 58CBFC56297F371900DCC73B /* ProfileSummary.swift */; };
		58DA600B297EDC600057DA78 /* HexagonParameters.swift in Sources */ = {isa = PBXBuildFile; fileRef = 58DA600A297EDC600057DA78 /* HexagonParameters.swift */; };
		58DA600D297EDDFC0057DA78 /* BadgeBackground.swift in Sources */ = {isa = PBXBuildFile; fileRef = 58DA600C297EDDFC0057DA78 /* BadgeBackground.swift */; };
		58DA600F297EE81C0057DA78 /* BadgeSymbol.swift in Sources */ = {isa = PBXBuildFile; fileRef = 58DA600E297EE81C0057DA78 /* BadgeSymbol.swift */; };
		58DA6012297EE8A50057DA78 /* RotatedBadgeSymbol.swift in Sources */ = {isa = PBXBuildFile; fileRef = 58DA6011297EE8A50057DA78 /* RotatedBadgeSymbol.swift */; };
		58DA6014297EEA480057DA78 /* Badge.swift in Sources */ = {isa = PBXBuildFile; fileRef = 58DA6013297EEA480057DA78 /* Badge.swift */; };
		58FFA6002965555400AE3262 /* FavoriteButton.swift in Sources */ = {isa = PBXBuildFile; fileRef = 58FFA5FF2965555400AE3262 /* FavoriteButton.swift */; };
/* End PBXBuildFile section */

/* Begin PBXFileReference section */
		585465DC297F394200DC3FFF /* HikeBadge.swift */ = {isa = PBXFileReference; lastKnownFileType = sourcecode.swift; path = HikeBadge.swift; sourceTree = "<group>"; };
		585465DE297F3EAB00DC3FFF /* ProfileEditor.swift */ = {isa = PBXFileReference; lastKnownFileType = sourcecode.swift; path = ProfileEditor.swift; sourceTree = "<group>"; };
		589B080A2959FAB50032D57E /* Landmarks.app */ = {isa = PBXFileReference; explicitFileType = wrapper.application; includeInIndex = 0; path = Landmarks.app; sourceTree = BUILT_PRODUCTS_DIR; };
		589B080D2959FAB50032D57E /* LandmarksApp.swift */ = {isa = PBXFileReference; lastKnownFileType = sourcecode.swift; path = LandmarksApp.swift; sourceTree = "<group>"; };
		589B080F2959FAB50032D57E /* ContentView.swift */ = {isa = PBXFileReference; lastKnownFileType = sourcecode.swift; path = ContentView.swift; sourceTree = "<group>"; };
		589B08112959FAB80032D57E /* Assets.xcassets */ = {isa = PBXFileReference; lastKnownFileType = folder.assetcatalog; path = Assets.xcassets; sourceTree = "<group>"; };
		589B08142959FAB80032D57E /* Preview Assets.xcassets */ = {isa = PBXFileReference; lastKnownFileType = folder.assetcatalog; path = "Preview Assets.xcassets"; sourceTree = "<group>"; };
		589B081B2959FF160032D57E /* CircleImage.swift */ = {isa = PBXFileReference; lastKnownFileType = sourcecode.swift; path = CircleImage.swift; sourceTree = "<group>"; };
		589B081D295A00250032D57E /* MapView.swift */ = {isa = PBXFileReference; lastKnownFileType = sourcecode.swift; path = MapView.swift; sourceTree = "<group>"; };
		58A3B68F295B52620011B1E2 /* landmarkData.json */ = {isa = PBXFileReference; fileEncoding = 4; lastKnownFileType = text.json; path = landmarkData.json; sourceTree = "<group>"; };
		58A3B691295B527D0011B1E2 /* Landmark.swift */ = {isa = PBXFileReference; lastKnownFileType = sourcecode.swift; path = Landmark.swift; sourceTree = "<group>"; };
		58A3B693295B53EA0011B1E2 /* ModelData.swift */ = {isa = PBXFileReference; lastKnownFileType = sourcecode.swift; path = ModelData.swift; sourceTree = "<group>"; };
		58A3B69A295B57520011B1E2 /* LandmarkRow.swift */ = {isa = PBXFileReference; lastKnownFileType = sourcecode.swift; path = LandmarkRow.swift; sourceTree = "<group>"; };
		58A3B69C295B74080011B1E2 /* LandmarkList.swift */ = {isa = PBXFileReference; lastKnownFileType = sourcecode.swift; path = LandmarkList.swift; sourceTree = "<group>"; };
		58A3B69E295BCC7E0011B1E2 /* LandmarkDetail.swift */ = {isa = PBXFileReference; lastKnownFileType = sourcecode.swift; path = LandmarkDetail.swift; sourceTree = "<group>"; };
		58CBFC3D297F139900DCC73B /* hikeData.json */ = {isa = PBXFileReference; fileEncoding = 4; lastKnownFileType = text.json; path = hikeData.json; sourceTree = "<group>"; };
		58CBFC3F297F13BE00DCC73B /* Hike.swift */ = {isa = PBXFileReference; lastKnownFileType = sourcecode.swift; path = Hike.swift; sourceTree = "<group>"; };
		58CBFC42297F143400DCC73B /* GraphCapsule.swift */ = {isa = PBXFileReference; fileEncoding = 4; lastKnownFileType = sourcecode.swift; path = GraphCapsule.swift; sourceTree = "<group>"; };
		58CBFC43297F143400DCC73B /* HikeGraph.swift */ = {isa = PBXFileReference; fileEncoding = 4; lastKnownFileType = sourcecode.swift; path = HikeGraph.swift; sourceTree = "<group>"; };
		58CBFC44297F143400DCC73B /* HikeDetail.swift */ = {isa = PBXFileReference; fileEncoding = 4; lastKnownFileType = sourcecode.swift; path = HikeDetail.swift; sourceTree = "<group>"; };
		58CBFC45297F143400DCC73B /* HikeView.swift */ = {isa = PBXFileReference; fileEncoding = 4; lastKnownFileType = sourcecode.swift; path = HikeView.swift; sourceTree = "<group>"; };
		58CBFC4B297F251600DCC73B /* CategoryHome.swift */ = {isa = PBXFileReference; lastKnownFileType = sourcecode.swift; path = CategoryHome.swift; sourceTree = "<group>"; };
		58CBFC4D297F2BF600DCC73B /* CategoryRow.swift */ = {isa = PBXFileReference; lastKnownFileType = sourcecode.swift; path = CategoryRow.swift; sourceTree = "<group>"; };
		58CBFC4F297F2E3000DCC73B /* CategoryItem.swift */ = {isa = PBXFileReference; lastKnownFileType = sourcecode.swift; path = CategoryItem.swift; sourceTree = "<group>"; };
		58CBFC52297F366000DCC73B /* Profile.swift */ = {isa = PBXFileReference; lastKnownFileType = sourcecode.swift; path = Profile.swift; sourceTree = "<group>"; };
		58CBFC54297F36B900DCC73B /* ProfileHost.swift */ = {isa = PBXFileReference; lastKnownFileType = sourcecode.swift; path = ProfileHost.swift; sourceTree = "<group>"; };
		58CBFC56297F371900DCC73B /* ProfileSummary.swift */ = {isa = PBXFileReference; lastKnownFileType = sourcecode.swift; path = ProfileSummary.swift; sourceTree = "<group>"; };
		58DA600A297EDC600057DA78 /* HexagonParameters.swift */ = {isa = PBXFileReference; lastKnownFileType = sourcecode.swift; path = HexagonParameters.swift; sourceTree = "<group>"; };
		58DA600C297EDDFC0057DA78 /* BadgeBackground.swift */ = {isa = PBXFileReference; lastKnownFileType = sourcecode.swift; path = BadgeBackground.swift; sourceTree = "<group>"; };
		58DA600E297EE81C0057DA78 /* BadgeSymbol.swift */ = {isa = PBXFileReference; lastKnownFileType = sourcecode.swift; path = BadgeSymbol.swift; sourceTree = "<group>"; };
		58DA6011297EE8A50057DA78 /* RotatedBadgeSymbol.swift */ = {isa = PBXFileReference; lastKnownFileType = sourcecode.swift; path = RotatedBadgeSymbol.swift; sourceTree = "<group>"; };
		58DA6013297EEA480057DA78 /* Badge.swift */ = {isa = PBXFileReference; lastKnownFileType = sourcecode.swift; path = Badge.swift; sourceTree = "<group>"; };
		58FFA5FF2965555400AE3262 /* FavoriteButton.swift */ = {isa = PBXFileReference; lastKnownFileType = sourcecode.swift; path = FavoriteButton.swift; sourceTree = "<group>"; };
/* End PBXFileReference section */

/* Begin PBXFrameworksBuildPhase section */
		589B08072959FAB50032D57E /* Frameworks */ = {
			isa = PBXFrameworksBuildPhase;
			buildActionMask = 2147483647;
			files = (
			);
			runOnlyForDeploymentPostprocessing = 0;
		};
/* End PBXFrameworksBuildPhase section */

/* Begin PBXGroup section */
		589B08012959FAB50032D57E = {
			isa = PBXGroup;
			children = (
				589B080C2959FAB50032D57E /* Landmarks */,
				589B080B2959FAB50032D57E /* Products */,
			);
			sourceTree = "<group>";
		};
		589B080B2959FAB50032D57E /* Products */ = {
			isa = PBXGroup;
			children = (
				589B080A2959FAB50032D57E /* Landmarks.app */,
			);
			name = Products;
			sourceTree = "<group>";
		};
		589B080C2959FAB50032D57E /* Landmarks */ = {
			isa = PBXGroup;
			children = (
				58A3B697295B54DC0011B1E2 /* Resource */,
				58A3B696295B54D20011B1E2 /* Model */,
				58A3B695295B54C30011B1E2 /* Views */,
				589B080D2959FAB50032D57E /* LandmarksApp.swift */,
				589B08112959FAB80032D57E /* Assets.xcassets */,
				589B08132959FAB80032D57E /* Preview Content */,
			);
			path = Landmarks;
			sourceTree = "<group>";
		};
		589B08132959FAB80032D57E /* Preview Content */ = {
			isa = PBXGroup;
			children = (
				589B08142959FAB80032D57E /* Preview Assets.xcassets */,
			);
			path = "Preview Content";
			sourceTree = "<group>";
		};
		58A3B695295B54C30011B1E2 /* Views */ = {
			isa = PBXGroup;
			children = (
				589B080F2959FAB50032D57E /* ContentView.swift */,
				58CBFC51297F364B00DCC73B /* Profile */,
				58CBFC4A297F24FD00DCC73B /* Categories */,
				58CBFC41297F143400DCC73B /* Hikes */,
				58DA6010297EE8990057DA78 /* Badges */,
				58FFA6022965565D00AE3262 /* Helpers */,
				58FFA6012965565700AE3262 /* Landmarks */,
			);
			path = Views;
			sourceTree = "<group>";
		};
		58A3B696295B54D20011B1E2 /* Model */ = {
			isa = PBXGroup;
			children = (
				58CBFC52297F366000DCC73B /* Profile.swift */,
				58A3B691295B527D0011B1E2 /* Landmark.swift */,
				58A3B693295B53EA0011B1E2 /* ModelData.swift */,
				58CBFC3F297F13BE00DCC73B /* Hike.swift */,
			);
			path = Model;
			sourceTree = "<group>";
		};
		58A3B697295B54DC0011B1E2 /* Resource */ = {
			isa = PBXGroup;
			children = (
				58CBFC3D297F139900DCC73B /* hikeData.json */,
				58A3B68F295B52620011B1E2 /* landmarkData.json */,
			);
			path = Resource;
			sourceTree = "<group>";
		};
		58CBFC41297F143400DCC73B /* Hikes */ = {
			isa = PBXGroup;
			children = (
				58CBFC42297F143400DCC73B /* GraphCapsule.swift */,
				58CBFC43297F143400DCC73B /* HikeGraph.swift */,
				58CBFC44297F143400DCC73B /* HikeDetail.swift */,
				58CBFC45297F143400DCC73B /* HikeView.swift */,
				585465DC297F394200DC3FFF /* HikeBadge.swift */,
			);
			path = Hikes;
			sourceTree = "<group>";
		};
		58CBFC4A297F24FD00DCC73B /* Categories */ = {
			isa = PBXGroup;
			children = (
				58CBFC4B297F251600DCC73B /* CategoryHome.swift */,
				58CBFC4D297F2BF600DCC73B /* CategoryRow.swift */,
				58CBFC4F297F2E3000DCC73B /* CategoryItem.swift */,
			);
			path = Categories;
			sourceTree = "<group>";
		};
		58CBFC51297F364B00DCC73B /* Profile */ = {
			isa = PBXGroup;
			children = (
				58CBFC54297F36B900DCC73B /* ProfileHost.swift */,
				58CBFC56297F371900DCC73B /* ProfileSummary.swift */,
				585465DE297F3EAB00DC3FFF /* ProfileEditor.swift */,
			);
			path = Profile;
			sourceTree = "<group>";
		};
		58DA6010297EE8990057DA78 /* Badges */ = {
			isa = PBXGroup;
			children = (
				58DA600A297EDC600057DA78 /* HexagonParameters.swift */,
				58DA600E297EE81C0057DA78 /* BadgeSymbol.swift */,
				58DA600C297EDDFC0057DA78 /* BadgeBackground.swift */,
				58DA6011297EE8A50057DA78 /* RotatedBadgeSymbol.swift */,
				58DA6013297EEA480057DA78 /* Badge.swift */,
			);
			path = Badges;
			sourceTree = "<group>";
		};
		58FFA6012965565700AE3262 /* Landmarks */ = {
			isa = PBXGroup;
			children = (
				58A3B69A295B57520011B1E2 /* LandmarkRow.swift */,
				58A3B69C295B74080011B1E2 /* LandmarkList.swift */,
				58A3B69E295BCC7E0011B1E2 /* LandmarkDetail.swift */,
			);
			path = Landmarks;
			sourceTree = "<group>";
		};
		58FFA6022965565D00AE3262 /* Helpers */ = {
			isa = PBXGroup;
			children = (
				589B081B2959FF160032D57E /* CircleImage.swift */,
				589B081D295A00250032D57E /* MapView.swift */,
				58FFA5FF2965555400AE3262 /* FavoriteButton.swift */,
			);
			path = Helpers;
			sourceTree = "<group>";
		};
/* End PBXGroup section */

/* Begin PBXNativeTarget section */
		589B08092959FAB50032D57E /* Landmarks */ = {
			isa = PBXNativeTarget;
			buildConfigurationList = 589B08182959FAB80032D57E /* Build configuration list for PBXNativeTarget "Landmarks" */;
			buildPhases = (
				589B08062959FAB50032D57E /* Sources */,
				589B08072959FAB50032D57E /* Frameworks */,
				589B08082959FAB50032D57E /* Resources */,
			);
			buildRules = (
			);
			dependencies = (
			);
			name = Landmarks;
			productName = Landmarks;
			productReference = 589B080A2959FAB50032D57E /* Landmarks.app */;
			productType = "com.apple.product-type.application";
		};
/* End PBXNativeTarget section */

/* Begin PBXProject section */
		589B08022959FAB50032D57E /* Project object */ = {
			isa = PBXProject;
			attributes = {
				BuildIndependentTargetsInParallel = 1;
				LastSwiftUpdateCheck = 1340;
				LastUpgradeCheck = 1340;
				TargetAttributes = {
					589B08092959FAB50032D57E = {
						CreatedOnToolsVersion = 13.4.1;
					};
				};
			};
			buildConfigurationList = 589B08052959FAB50032D57E /* Build configuration list for PBXProject "Landmarks" */;
			compatibilityVersion = "Xcode 13.0";
			developmentRegion = en;
			hasScannedForEncodings = 0;
			knownRegions = (
				en,
				Base,
			);
			mainGroup = 589B08012959FAB50032D57E;
			productRefGroup = 589B080B2959FAB50032D57E /* Products */;
			projectDirPath = "";
			projectRoot = "";
			targets = (
				589B08092959FAB50032D57E /* Landmarks */,
			);
		};
/* End PBXProject section */

/* Begin PBXResourcesBuildPhase section */
		589B08082959FAB50032D57E /* Resources */ = {
			isa = PBXResourcesBuildPhase;
			buildActionMask = 2147483647;
			files = (
				58CBFC3E297F139900DCC73B /* hikeData.json in Resources */,
				589B08152959FAB80032D57E /* Preview Assets.xcassets in Resources */,
				589B08122959FAB80032D57E /* Assets.xcassets in Resources */,
				58A3B690295B52620011B1E2 /* landmarkData.json in Resources */,
			);
			runOnlyForDeploymentPostprocessing = 0;
		};
/* End PBXResourcesBuildPhase section */

/* Begin PBXSourcesBuildPhase section */
		589B08062959FAB50032D57E /* Sources */ = {
			isa = PBXSourcesBuildPhase;
			buildActionMask = 2147483647;
			files = (
				58CBFC4E297F2BF600DCC73B /* CategoryRow.swift in Sources */,
				58CBFC53297F366000DCC73B /* Profile.swift in Sources */,
				589B08102959FAB50032D57E /* ContentView.swift in Sources */,
				58CBFC4C297F251600DCC73B /* CategoryHome.swift in Sources */,
				58CBFC47297F143400DCC73B /* HikeGraph.swift in Sources */,
				58DA6014297EEA480057DA78 /* Badge.swift in Sources */,
				589B081E295A00250032D57E /* MapView.swift in Sources */,
				58CBFC46297F143400DCC73B /* GraphCapsule.swift in Sources */,
				589B080E2959FAB50032D57E /* LandmarksApp.swift in Sources */,
				58FFA6002965555400AE3262 /* FavoriteButton.swift in Sources */,
				58CBFC50297F2E3000DCC73B /* CategoryItem.swift in Sources */,
				58CBFC48297F143400DCC73B /* HikeDetail.swift in Sources */,
				58CBFC57297F371900DCC73B /* ProfileSummary.swift in Sources */,
				58DA600B297EDC600057DA78 /* HexagonParameters.swift in Sources */,
				58CBFC55297F36B900DCC73B /* ProfileHost.swift in Sources */,
				58CBFC40297F13BE00DCC73B /* Hike.swift in Sources */,
				58DA6012297EE8A50057DA78 /* RotatedBadgeSymbol.swift in Sources */,
				58DA600F297EE81C0057DA78 /* BadgeSymbol.swift in Sources */,
				585465DF297F3EAB00DC3FFF /* ProfileEditor.swift in Sources */,
				58A3B69D295B74080011B1E2 /* LandmarkList.swift in Sources */,
				58CBFC49297F143400DCC73B /* HikeView.swift in Sources */,
				58A3B69F295BCC7E0011B1E2 /* LandmarkDetail.swift in Sources */,
				58DA600D297EDDFC0057DA78 /* BadgeBackground.swift in Sources */,
				585465DD297F394200DC3FFF /* HikeBadge.swift in Sources */,
				589B081C2959FF160032D57E /* CircleImage.swift in Sources */,
				58A3B692295B527D0011B1E2 /* Landmark.swift in Sources */,
				58A3B69B295B57520011B1E2 /* LandmarkRow.swift in Sources */,
				58A3B694295B53EA0011B1E2 /* ModelData.swift in Sources */,
			);
			runOnlyForDeploymentPostprocessing = 0;
		};
/* End PBXSourcesBuildPhase section */

/* Begin XCBuildConfiguration section */
		589B08162959FAB80032D57E /* Debug */ = {
			isa = XCBuildConfiguration;
			buildSettings = {
				ALWAYS_SEARCH_USER_PATHS = NO;
				CLANG_ANALYZER_NONNULL = YES;
				CLANG_ANALYZER_NUMBER_OBJECT_CONVERSION = YES_AGGRESSIVE;
				CLANG_CXX_LANGUAGE_STANDARD = "gnu++17";
				CLANG_ENABLE_MODULES = YES;
				CLANG_ENABLE_OBJC_ARC = YES;
				CLANG_ENABLE_OBJC_WEAK = YES;
				CLANG_WARN_BLOCK_CAPTURE_AUTORELEASING = YES;
				CLANG_WARN_BOOL_CONVERSION = YES;
				CLANG_WARN_COMMA = YES;
				CLANG_WARN_CONSTANT_CONVERSION = YES;
				CLANG_WARN_DEPRECATED_OBJC_IMPLEMENTATIONS = YES;
				CLANG_WARN_DIRECT_OBJC_ISA_USAGE = YES_ERROR;
				CLANG_WARN_DOCUMENTATION_COMMENTS = YES;
				CLANG_WARN_EMPTY_BODY = YES;
				CLANG_WARN_ENUM_CONVERSION = YES;
				CLANG_WARN_INFINITE_RECURSION = YES;
				CLANG_WARN_INT_CONVERSION = YES;
				CLANG_WARN_NON_LITERAL_NULL_CONVERSION = YES;
				CLANG_WARN_OBJC_IMPLICIT_RETAIN_SELF = YES;
				CLANG_WARN_OBJC_LITERAL_CONVERSION = YES;
				CLANG_WARN_OBJC_ROOT_CLASS = YES_ERROR;
				CLANG_WARN_QUOTED_INCLUDE_IN_FRAMEWORK_HEADER = YES;
				CLANG_WARN_RANGE_LOOP_ANALYSIS = YES;
				CLANG_WARN_STRICT_PROTOTYPES = YES;
				CLANG_WARN_SUSPICIOUS_MOVE = YES;
				CLANG_WARN_UNGUARDED_AVAILABILITY = YES_AGGRESSIVE;
				CLANG_WARN_UNREACHABLE_CODE = YES;
				CLANG_WARN__DUPLICATE_METHOD_MATCH = YES;
				COPY_PHASE_STRIP = NO;
				DEBUG_INFORMATION_FORMAT = dwarf;
				ENABLE_STRICT_OBJC_MSGSEND = YES;
				ENABLE_TESTABILITY = YES;
				GCC_C_LANGUAGE_STANDARD = gnu11;
				GCC_DYNAMIC_NO_PIC = NO;
				GCC_NO_COMMON_BLOCKS = YES;
				GCC_OPTIMIZATION_LEVEL = 0;
				GCC_PREPROCESSOR_DEFINITIONS = (
					"DEBUG=1",
					"$(inherited)",
				);
				GCC_WARN_64_TO_32_BIT_CONVERSION = YES;
				GCC_WARN_ABOUT_RETURN_TYPE = YES_ERROR;
				GCC_WARN_UNDECLARED_SELECTOR = YES;
				GCC_WARN_UNINITIALIZED_AUTOS = YES_AGGRESSIVE;
				GCC_WARN_UNUSED_FUNCTION = YES;
				GCC_WARN_UNUSED_VARIABLE = YES;
				IPHONEOS_DEPLOYMENT_TARGET = 15.5;
				MTL_ENABLE_DEBUG_INFO = INCLUDE_SOURCE;
				MTL_FAST_MATH = YES;
				ONLY_ACTIVE_ARCH = YES;
				SDKROOT = iphoneos;
				SWIFT_ACTIVE_COMPILATION_CONDITIONS = DEBUG;
				SWIFT_OPTIMIZATION_LEVEL = "-Onone";
			};
			name = Debug;
		};
		589B08172959FAB80032D57E /* Release */ = {
			isa = XCBuildConfiguration;
			buildSettings = {
				ALWAYS_SEARCH_USER_PATHS = NO;
				CLANG_ANALYZER_NONNULL = YES;
				CLANG_ANALYZER_NUMBER_OBJECT_CONVERSION = YES_AGGRESSIVE;
				CLANG_CXX_LANGUAGE_STANDARD = "gnu++17";
				CLANG_ENABLE_MODULES = YES;
				CLANG_ENABLE_OBJC_ARC = YES;
				CLANG_ENABLE_OBJC_WEAK = YES;
				CLANG_WARN_BLOCK_CAPTURE_AUTORELEASING = YES;
				CLANG_WARN_BOOL_CONVERSION = YES;
				CLANG_WARN_COMMA = YES;
				CLANG_WARN_CONSTANT_CONVERSION = YES;
				CLANG_WARN_DEPRECATED_OBJC_IMPLEMENTATIONS = YES;
				CLANG_WARN_DIRECT_OBJC_ISA_USAGE = YES_ERROR;
				CLANG_WARN_DOCUMENTATION_COMMENTS = YES;
				CLANG_WARN_EMPTY_BODY = YES;
				CLANG_WARN_ENUM_CONVERSION = YES;
				CLANG_WARN_INFINITE_RECURSION = YES;
				CLANG_WARN_INT_CONVERSION = YES;
				CLANG_WARN_NON_LITERAL_NULL_CONVERSION = YES;
				CLANG_WARN_OBJC_IMPLICIT_RETAIN_SELF = YES;
				CLANG_WARN_OBJC_LITERAL_CONVERSION = YES;
				CLANG_WARN_OBJC_ROOT_CLASS = YES_ERROR;
				CLANG_WARN_QUOTED_INCLUDE_IN_FRAMEWORK_HEADER = YES;
				CLANG_WARN_RANGE_LOOP_ANALYSIS = YES;
				CLANG_WARN_STRICT_PROTOTYPES = YES;
				CLANG_WARN_SUSPICIOUS_MOVE = YES;
				CLANG_WARN_UNGUARDED_AVAILABILITY = YES_AGGRESSIVE;
				CLANG_WARN_UNREACHABLE_CODE = YES;
				CLANG_WARN__DUPLICATE_METHOD_MATCH = YES;
				COPY_PHASE_STRIP = NO;
				DEBUG_INFORMATION_FORMAT = "dwarf-with-dsym";
				ENABLE_NS_ASSERTIONS = NO;
				ENABLE_STRICT_OBJC_MSGSEND = YES;
				GCC_C_LANGUAGE_STANDARD = gnu11;
				GCC_NO_COMMON_BLOCKS = YES;
				GCC_WARN_64_TO_32_BIT_CONVERSION = YES;
				GCC_WARN_ABOUT_RETURN_TYPE = YES_ERROR;
				GCC_WARN_UNDECLARED_SELECTOR = YES;
				GCC_WARN_UNINITIALIZED_AUTOS = YES_AGGRESSIVE;
				GCC_WARN_UNUSED_FUNCTION = YES;
				GCC_WARN_UNUSED_VARIABLE = YES;
				IPHONEOS_DEPLOYMENT_TARGET = 15.5;
				MTL_ENABLE_DEBUG_INFO = NO;
				MTL_FAST_MATH = YES;
				SDKROOT = iphoneos;
				SWIFT_COMPILATION_MODE = wholemodule;
				SWIFT_OPTIMIZATION_LEVEL = "-O";
				VALIDATE_PRODUCT = YES;
			};
			name = Release;
		};
		589B08192959FAB80032D57E /* Debug */ = {
			isa = XCBuildConfiguration;
			buildSettings = {
				ASSETCATALOG_COMPILER_APPICON_NAME = AppIcon;
				ASSETCATALOG_COMPILER_GLOBAL_ACCENT_COLOR_NAME = AccentColor;
				CODE_SIGN_STYLE = Automatic;
				CURRENT_PROJECT_VERSION = 1;
				DEVELOPMENT_ASSET_PATHS = "\"Landmarks/Preview Content\"";
				DEVELOPMENT_TEAM = 9JSRL669P2;
				ENABLE_PREVIEWS = YES;
				GENERATE_INFOPLIST_FILE = YES;
				INFOPLIST_KEY_UIApplicationSceneManifest_Generation = YES;
				INFOPLIST_KEY_UIApplicationSupportsIndirectInputEvents = YES;
				INFOPLIST_KEY_UILaunchScreen_Generation = YES;
				INFOPLIST_KEY_UISupportedInterfaceOrientations_iPad = "UIInterfaceOrientationPortrait UIInterfaceOrientationPortraitUpsideDown UIInterfaceOrientationLandscapeLeft UIInterfaceOrientationLandscapeRight";
				INFOPLIST_KEY_UISupportedInterfaceOrientations_iPhone = "UIInterfaceOrientationPortrait UIInterfaceOrientationLandscapeLeft UIInterfaceOrientationLandscapeRight";
				LD_RUNPATH_SEARCH_PATHS = (
					"$(inherited)",
					"@executable_path/Frameworks",
				);
				MARKETING_VERSION = 1.0;
				PRODUCT_BUNDLE_IDENTIFIER = ata.studio.vn.Landmarks;
				PRODUCT_NAME = "$(TARGET_NAME)";
				SWIFT_EMIT_LOC_STRINGS = YES;
				SWIFT_VERSION = 5.0;
				TARGETED_DEVICE_FAMILY = "1,2";
			};
			name = Debug;
		};
		589B081A2959FAB80032D57E /* Release */ = {
			isa = XCBuildConfiguration;
			buildSettings = {
				ASSETCATALOG_COMPILER_APPICON_NAME = AppIcon;
				ASSETCATALOG_COMPILER_GLOBAL_ACCENT_COLOR_NAME = AccentColor;
				CODE_SIGN_STYLE = Automatic;
				CURRENT_PROJECT_VERSION = 1;
				DEVELOPMENT_ASSET_PATHS = "\"Landmarks/Preview Content\"";
				DEVELOPMENT_TEAM = 9JSRL669P2;
				ENABLE_PREVIEWS = YES;
				GENERATE_INFOPLIST_FILE = YES;
				INFOPLIST_KEY_UIApplicationSceneManifest_Generation = YES;
				INFOPLIST_KEY_UIApplicationSupportsIndirectInputEvents = YES;
				INFOPLIST_KEY_UILaunchScreen_Generation = YES;
				INFOPLIST_KEY_UISupportedInterfaceOrientations_iPad = "UIInterfaceOrientationPortrait UIInterfaceOrientationPortraitUpsideDown UIInterfaceOrientationLandscapeLeft UIInterfaceOrientationLandscapeRight";
				INFOPLIST_KEY_UISupportedInterfaceOrientations_iPhone = "UIInterfaceOrientationPortrait UIInterfaceOrientationLandscapeLeft UIInterfaceOrientationLandscapeRight";
				LD_RUNPATH_SEARCH_PATHS = (
					"$(inherited)",
					"@executable_path/Frameworks",
				);
				MARKETING_VERSION = 1.0;
				PRODUCT_BUNDLE_IDENTIFIER = ata.studio.vn.Landmarks;
				PRODUCT_NAME = "$(TARGET_NAME)";
				SWIFT_EMIT_LOC_STRINGS = YES;
				SWIFT_VERSION = 5.0;
				TARGETED_DEVICE_FAMILY = "1,2";
			};
			name = Release;
		};
/* End XCBuildConfiguration section */

/* Begin XCConfigurationList section */
		589B08052959FAB50032D57E /* Build configuration list for PBXProject "Landmarks" */ = {
			isa = XCConfigurationList;
			buildConfigurations = (
				589B08162959FAB80032D57E /* Debug */,
				589B08172959FAB80032D57E /* Release */,
			);
			defaultConfigurationIsVisible = 0;
			defaultConfigurationName = Release;
		};
		589B08182959FAB80032D57E /* Build configuration list for PBXNativeTarget "Landmarks" */ = {
			isa = XCConfigurationList;
			buildConfigurations = (
				589B08192959FAB80032D57E /* Debug */,
				589B081A2959FAB80032D57E /* Release */,
			);
			defaultConfigurationIsVisible = 0;
			defaultConfigurationName = Release;
		};
/* End XCConfigurationList section */
	};
	rootObject = 589B08022959FAB50032D57E /* Project object */;
}
